<?xml version="1.0" encoding="utf-8"?>
<Project ToolsVersion="4.0" xmlns="http://schemas.microsoft.com/developer/msbuild/2003">
  <ItemGroup>
    <Filter Include="源文件">
      <UniqueIdentifier>{4FC737F1-C7A5-4376-A066-2A32D752A2FF}</UniqueIdentifier>
      <Extensions>cpp;c;cc;cxx;def;odl;idl;hpj;bat;asm;asmx</Extensions>
    </Filter>
    <Filter Include="头文件">
      <UniqueIdentifier>{93995380-89BD-4b04-88EB-625FBE52EBFB}</UniqueIdentifier>
      <Extensions>h;hh;hpp;hxx;hm;inl;inc;xsd</Extensions>
    </Filter>
    <Filter Include="资源文件">
      <UniqueIdentifier>{67DA6AB6-F800-4c08-8B7A-83BB121AAD01}</UniqueIdentifier>
      <Extensions>rc;ico;cur;bmp;dlg;rc2;rct;bin;rgs;gif;jpg;jpeg;jpe;resx;tiff;tif;png;wav;mfcribbon-ms</Extensions>
    </Filter>
    <Filter Include="mempool">
      <UniqueIdentifier>{03dc44d2-e829-4ecc-aa46-a48be06765f0}</UniqueIdentifier>
    </Filter>
    <Filter Include="include">
      <UniqueIdentifier>{f102f6c5-39db-474d-bc0e-479b71eaab35}</UniqueIdentifier>
    </Filter>
    <Filter Include="MxCharSet">
      <UniqueIdentifier>{3457a10b-4d1d-47c7-be61-a6157d8341b4}</UniqueIdentifier>
    </Filter>
    <Filter Include="MxFileSystem">
      <UniqueIdentifier>{92d33611-978e-439c-b5d5-c70c0d389aa9}</UniqueIdentifier>
    </Filter>
    <Filter Include="NewFilter2">
      <UniqueIdentifier>{86acde65-706a-4606-bbbf-2f0a6a61972b}</UniqueIdentifier>
    </Filter>
    <Filter Include="MxThread">
      <UniqueIdentifier>{f182e06c-0abc-4360-b58f-5546a297187f}</UniqueIdentifier>
    </Filter>
    <Filter Include="MxCompat">
      <UniqueIdentifier>{645ac5d7-7047-4d4a-b5bf-5fbac16bbc63}</UniqueIdentifier>
    </Filter>
    <Filter Include="MxModules">
      <UniqueIdentifier>{9f520762-f08c-4f7f-afc9-3b7bebfecddd}</UniqueIdentifier>
    </Filter>
    <Filter Include="MxRand">
      <UniqueIdentifier>{755d6e32-5194-4d4b-8ab6-ab1f66e027ec}</UniqueIdentifier>
    </Filter>
    <Filter Include="objres">
      <UniqueIdentifier>{30dc781f-a557-4e26-bfbb-defefda26f89}</UniqueIdentifier>
    </Filter>
  </ItemGroup>
  <ItemGroup>
    <Text Include="ReadMe.txt" />
  </ItemGroup>
  <ItemGroup>
    <ClInclude Include="stdafx.h">
      <Filter>头文件</Filter>
    </ClInclude>
    <ClInclude Include="..\include\CMxLog.h">
      <Filter>include</Filter>
    </ClInclude>
    <ClInclude Include="..\include\MxAtomic.h">
      <Filter>include</Filter>
    </ClInclude>
    <ClInclude Include="..\include\MxCharSet.h">
      <Filter>include</Filter>
    </ClInclude>
    <ClInclude Include="..\include\MxCommon.h">
      <Filter>include</Filter>
    </ClInclude>
    <ClInclude Include="..\include\MxConfig.h">
      <Filter>include</Filter>
    </ClInclude>
    <ClInclude Include="..\include\MxConfig_mac.h">
      <Filter>include</Filter>
    </ClInclude>
    <ClInclude Include="..\include\MxConfig_win.h">
      <Filter>include</Filter>
    </ClInclude>
    <ClInclude Include="..\include\MxCpu.h">
      <Filter>include</Filter>
    </ClInclude>
    <ClInclude Include="..\include\MxError.h">
      <Filter>include</Filter>
    </ClInclude>
    <ClInclude Include="..\include\MxExport.h">
      <Filter>include</Filter>
    </ClInclude>
    <ClInclude Include="..\include\MxFileSystem.h">
      <Filter>include</Filter>
    </ClInclude>
    <ClInclude Include="..\include\MxFixups.h">
      <Filter>include</Filter>
    </ClInclude>
    <ClInclude Include="..\include\MxInterface.h">
      <Filter>include</Filter>
    </ClInclude>
    <ClInclude Include="..\include\MxInterrupt.h">
      <Filter>include</Filter>
    </ClInclude>
    <ClInclude Include="..\include\MxMessages.h">
      <Filter>include</Filter>
    </ClInclude>
    <ClInclude Include="..\include\MxNetwork.h">
      <Filter>include</Filter>
    </ClInclude>
    <ClInclude Include="..\include\MxPointer.h">
      <Filter>include</Filter>
    </ClInclude>
    <ClInclude Include="..\include\MxSystem.h">
      <Filter>include</Filter>
    </ClInclude>
    <ClInclude Include="..\include\MxThread.h">
      <Filter>include</Filter>
    </ClInclude>
    <ClInclude Include="..\include\MxTypes.h">
      <Filter>include</Filter>
    </ClInclude>
    <ClInclude Include="CMxBits.h">
      <Filter>源文件</Filter>
    </ClInclude>
    <ClInclude Include="MxModules\modules.h">
      <Filter>MxModules</Filter>
    </ClInclude>
    <ClInclude Include="..\include\CMxBits.h">
      <Filter>include</Filter>
    </ClInclude>
    <ClInclude Include="..\include\CMxBlock.h">
      <Filter>include</Filter>
    </ClInclude>
    <ClInclude Include="..\include\CMxInputItem.h">
      <Filter>include</Filter>
    </ClInclude>
    <ClInclude Include="..\include\CMxMeta.h">
      <Filter>include</Filter>
    </ClInclude>
    <ClInclude Include="..\include\CMxObject.h">
      <Filter>include</Filter>
    </ClInclude>
    <ClInclude Include="..\include\CMxStream.h">
      <Filter>include</Filter>
    </ClInclude>
    <ClInclude Include="..\include\MxEs.h">
      <Filter>include</Filter>
    </ClInclude>
    <ClInclude Include="..\include\MxEvents.h">
      <Filter>include</Filter>
    </ClInclude>
    <ClInclude Include="..\include\MxFourcc.h">
      <Filter>include</Filter>
    </ClInclude>
    <ClInclude Include="..\include\MxMemStream.h">
      <Filter>include</Filter>
    </ClInclude>
    <ClInclude Include="..\include\MxModules.h">
      <Filter>include</Filter>
    </ClInclude>
    <ClInclude Include="..\include\MxTextStyle.h">
      <Filter>include</Filter>
    </ClInclude>
    <ClInclude Include="..\include\MxUrl.h">
      <Filter>include</Filter>
    </ClInclude>
    <ClInclude Include="..\include\vlc_input_item.h">
      <Filter>include</Filter>
    </ClInclude>
    <ClInclude Include="..\include\MxRand.h">
      <Filter>include</Filter>
    </ClInclude>
    <ClInclude Include="objres\variables.h">
      <Filter>objres</Filter>
    </ClInclude>
    <ClInclude Include="..\include\MxVariables.h">
      <Filter>include</Filter>
    </ClInclude>
  </ItemGroup>
  <ItemGroup>
    <ClCompile Include="stdafx.cpp">
      <Filter>源文件</Filter>
    </ClCompile>
    <ClCompile Include="MxCharSet\charset.cpp">
      <Filter>MxCharSet</Filter>
    </ClCompile>
    <ClCompile Include="MxCharSet\libc.cpp">
      <Filter>MxCharSet</Filter>
    </ClCompile>
    <ClCompile Include="MxCharSet\unicode.cpp">
      <Filter>MxCharSet</Filter>
    </ClCompile>
    <ClCompile Include="MxFileSystem\filesystem.cpp">
      <Filter>MxFileSystem</Filter>
    </ClCompile>
    <ClCompile Include="MxFileSystem\filesystem_win32.cpp">
      <Filter>MxFileSystem</Filter>
    </ClCompile>
    <ClCompile Include="MxThread\thread_win32.cpp">
      <Filter>MxThread</Filter>
    </ClCompile>
    <ClCompile Include="CMxBits.cpp">
      <Filter>源文件</Filter>
    </ClCompile>
    <ClCompile Include="MxCompat\memrchr.cpp">
      <Filter>MxCompat</Filter>
    </ClCompile>
    <ClCompile Include="MxCompat\vasprintf.cpp">
      <Filter>MxCompat</Filter>
    </ClCompile>
    <ClCompile Include="MxCompat\strcasecmp.cpp">
      <Filter>MxCompat</Filter>
    </ClCompile>
    <ClCompile Include="MxCompat\aligned_alloc.cpp">
      <Filter>MxCompat</Filter>
    </ClCompile>
    <ClCompile Include="MxCompat\asprintf.cpp">
      <Filter>MxCompat</Filter>
    </ClCompile>
    <ClCompile Include="MxCompat\atof.cpp">
      <Filter>MxCompat</Filter>
    </ClCompile>
    <ClCompile Include="MxCompat\atoll.cpp">
      <Filter>MxCompat</Filter>
    </ClCompile>
    <ClCompile Include="MxCompat\dirfd.cpp">
      <Filter>MxCompat</Filter>
    </ClCompile>
    <ClCompile Include="MxCompat\dummy.cpp">
      <Filter>MxCompat</Filter>
    </ClCompile>
    <ClCompile Include="MxCompat\ffsll.cpp">
      <Filter>MxCompat</Filter>
    </ClCompile>
    <ClCompile Include="MxCompat\flockfile.cpp">
      <Filter>MxCompat</Filter>
    </ClCompile>
    <ClCompile Include="MxCompat\freeaddrinfo.cpp">
      <Filter>MxCompat</Filter>
    </ClCompile>
    <ClCompile Include="MxCompat\fsync.cpp">
      <Filter>MxCompat</Filter>
    </ClCompile>
    <ClCompile Include="MxCompat\gai_strerror.cpp">
      <Filter>MxCompat</Filter>
    </ClCompile>
    <ClCompile Include="MxCompat\getdelim.cpp">
      <Filter>MxCompat</Filter>
    </ClCompile>
    <ClCompile Include="MxCompat\gettimeofday.cpp">
      <Filter>MxCompat</Filter>
    </ClCompile>
    <ClCompile Include="MxCompat\gmtime_r.cpp">
      <Filter>MxCompat</Filter>
    </ClCompile>
    <ClCompile Include="MxCompat\inet_pton.cpp">
      <Filter>MxCompat</Filter>
    </ClCompile>
    <ClCompile Include="MxCompat\localtime_r.cpp">
      <Filter>MxCompat</Filter>
    </ClCompile>
    <ClCompile Include="MxCompat\nrand48.cpp">
      <Filter>MxCompat</Filter>
    </ClCompile>
    <ClCompile Include="MxCompat\pathconf.cpp">
      <Filter>MxCompat</Filter>
    </ClCompile>
    <ClCompile Include="MxCompat\poll.cpp">
      <Filter>MxCompat</Filter>
    </ClCompile>
    <ClCompile Include="MxCompat\realpath.cpp">
      <Filter>MxCompat</Filter>
    </ClCompile>
    <ClCompile Include="MxCompat\recvmsg.cpp">
      <Filter>MxCompat</Filter>
    </ClCompile>
    <ClCompile Include="MxCompat\rewind.cpp">
      <Filter>MxCompat</Filter>
    </ClCompile>
    <ClCompile Include="MxCompat\sendmsg.cpp">
      <Filter>MxCompat</Filter>
    </ClCompile>
    <ClCompile Include="MxCompat\setenv.cpp">
      <Filter>MxCompat</Filter>
    </ClCompile>
    <ClCompile Include="MxCompat\sincos.cpp">
      <Filter>MxCompat</Filter>
    </ClCompile>
    <ClCompile Include="MxCompat\strcasestr.cpp">
      <Filter>MxCompat</Filter>
    </ClCompile>
    <ClCompile Include="MxCompat\strdup.cpp">
      <Filter>MxCompat</Filter>
    </ClCompile>
    <ClCompile Include="MxCompat\strlcpy.cpp">
      <Filter>MxCompat</Filter>
    </ClCompile>
    <ClCompile Include="MxCompat\strndup.cpp">
      <Filter>MxCompat</Filter>
    </ClCompile>
    <ClCompile Include="MxCompat\strnlen.cpp">
      <Filter>MxCompat</Filter>
    </ClCompile>
    <ClCompile Include="MxCompat\strnstr.cpp">
      <Filter>MxCompat</Filter>
    </ClCompile>
    <ClCompile Include="MxCompat\strsep.cpp">
      <Filter>MxCompat</Filter>
    </ClCompile>
    <ClCompile Include="MxCompat\strtof.cpp">
      <Filter>MxCompat</Filter>
    </ClCompile>
    <ClCompile Include="MxCompat\strtok_r.cpp">
      <Filter>MxCompat</Filter>
    </ClCompile>
    <ClCompile Include="MxCompat\strtoll.cpp">
      <Filter>MxCompat</Filter>
    </ClCompile>
    <ClCompile Include="MxCompat\strverscmp.cpp">
      <Filter>MxCompat</Filter>
    </ClCompile>
    <ClCompile Include="MxCompat\swab.cpp">
      <Filter>MxCompat</Filter>
    </ClCompile>
    <ClCompile Include="MxCompat\tdestroy.cpp">
      <Filter>MxCompat</Filter>
    </ClCompile>
    <ClCompile Include="MxCompat\tfind.cpp">
      <Filter>MxCompat</Filter>
    </ClCompile>
    <ClCompile Include="MxCompat\timegm.cpp">
      <Filter>MxCompat</Filter>
    </ClCompile>
    <ClCompile Include="MxCompat\fdopendir.cpp">
      <Filter>MxCompat</Filter>
    </ClCompile>
    <ClCompile Include="MxCompat\getpid.cpp">
      <Filter>MxCompat</Filter>
    </ClCompile>
    <ClCompile Include="MxCompat\lldiv.cpp">
      <Filter>MxCompat</Filter>
    </ClCompile>
    <ClCompile Include="MxCompat\sigwait.cpp">
      <Filter>MxCompat</Filter>
    </ClCompile>
    <ClCompile Include="MxCompat\timespec_get.cpp">
      <Filter>MxCompat</Filter>
    </ClCompile>
    <ClCompile Include="MxModules\modules.cpp">
      <Filter>MxModules</Filter>
    </ClCompile>
    <ClCompile Include="MxModules\textdomain.cpp">
      <Filter>MxModules</Filter>
    </ClCompile>
    <ClCompile Include="MxRand\rand.cpp">
      <Filter>MxRand</Filter>
    </ClCompile>
    <ClCompile Include="MxRand\rand_win32.cpp">
      <Filter>MxRand</Filter>
    </ClCompile>
    <ClCompile Include="objres\variables.cpp">
      <Filter>objres</Filter>
    </ClCompile>
    <ClCompile Include="objres\objres.cpp">
      <Filter>objres</Filter>
    </ClCompile>
    <ClCompile Include="objres\objects.cpp">
      <Filter>objres</Filter>
    </ClCompile>
    <ClCompile Include="bank.cpp">
      <Filter>源文件</Filter>
    </ClCompile>
    <ClCompile Include="MxThread\threads.cpp">
      <Filter>MxThread</Filter>
    </ClCompile>
    <ClCompile Include="MxCpu.cpp">
      <Filter>源文件</Filter>
    </ClCompile>
  </ItemGroup>
</Project>