// !$*UTF8*$!
{
	archiveVersion = 1;
	classes = {
	};
	objectVersion = 48;
	objects = {

/* Begin PBXBuildFile section */
		54464FA22150E7FF00C41A3F /* fourcc_tables.h in Headers */ = {isa = PBXBuildFile; fileRef = 54464FA12150E7FF00C41A3F /* fourcc_tables.h */; };
		54464FA42150E9DA00C41A3F /* MxEs.h in Headers */ = {isa = PBXBuildFile; fileRef = 54464FA32150E9DA00C41A3F /* MxEs.h */; };
		54464FA62150F13000C41A3F /* CMxStream.h in Headers */ = {isa = PBXBuildFile; fileRef = 54464FA52150F13000C41A3F /* CMxStream.h */; };
		54464FA82150F13A00C41A3F /* CMxStream.cpp in Sources */ = {isa = PBXBuildFile; fileRef = 54464FA72150F13A00C41A3F /* CMxStream.cpp */; };
		54464FAA2150F1F000C41A3F /* CMxBlock.h in Headers */ = {isa = PBXBuildFile; fileRef = 54464FA92150F1F000C41A3F /* CMxBlock.h */; };
		54464FAC2150F91B00C41A3F /* CMxBlock.cpp in Sources */ = {isa = PBXBuildFile; fileRef = 54464FAB2150F91B00C41A3F /* CMxBlock.cpp */; };
		544650A4215247EB00C41A3F /* es_format.cpp in Sources */ = {isa = PBXBuildFile; fileRef = 544650A3215247EB00C41A3F /* es_format.cpp */; };
		5446510B2153395200C41A3F /* video_format.cpp in Sources */ = {isa = PBXBuildFile; fileRef = 5446510A2153395200C41A3F /* video_format.cpp */; };
		54A0A5F32150A4E600B9A0C5 /* MxFourcc.h in Headers */ = {isa = PBXBuildFile; fileRef = 54A0A5F22150A4E600B9A0C5 /* MxFourcc.h */; };
		54A0A5F62150A69800B9A0C5 /* stdafx.h in Headers */ = {isa = PBXBuildFile; fileRef = 54A0A5F42150A69800B9A0C5 /* stdafx.h */; };
		54A0A5F72150A69800B9A0C5 /* stdafx.cpp in Sources */ = {isa = PBXBuildFile; fileRef = 54A0A5F52150A69800B9A0C5 /* stdafx.cpp */; };
		54A0A6082150CABD00B9A0C5 /* fourcc.cpp in Sources */ = {isa = PBXBuildFile; fileRef = 54A0A6052150CABD00B9A0C5 /* fourcc.cpp */; };
/* End PBXBuildFile section */

/* Begin PBXFileReference section */
		54464FA12150E7FF00C41A3F /* fourcc_tables.h */ = {isa = PBXFileReference; fileEncoding = 4; lastKnownFileType = sourcecode.c.h; name = fourcc_tables.h; path = MxFourcc/fourcc_tables.h; sourceTree = "<group>"; };
		54464FA32150E9DA00C41A3F /* MxEs.h */ = {isa = PBXFileReference; fileEncoding = 4; lastKnownFileType = sourcecode.c.h; name = MxEs.h; path = ../include/MxEs.h; sourceTree = "<group>"; };
		54464FA52150F13000C41A3F /* CMxStream.h */ = {isa = PBXFileReference; fileEncoding = 4; lastKnownFileType = sourcecode.c.h; name = CMxStream.h; path = ../include/CMxStream.h; sourceTree = "<group>"; };
		54464FA72150F13A00C41A3F /* CMxStream.cpp */ = {isa = PBXFileReference; fileEncoding = 4; lastKnownFileType = sourcecode.cpp.cpp; path = CMxStream.cpp; sourceTree = "<group>"; };
		54464FA92150F1F000C41A3F /* CMxBlock.h */ = {isa = PBXFileReference; fileEncoding = 4; lastKnownFileType = sourcecode.c.h; name = CMxBlock.h; path = ../include/CMxBlock.h; sourceTree = "<group>"; };
		54464FAB2150F91B00C41A3F /* CMxBlock.cpp */ = {isa = PBXFileReference; fileEncoding = 4; lastKnownFileType = sourcecode.cpp.cpp; path = CMxBlock.cpp; sourceTree = "<group>"; };
		544650A3215247EB00C41A3F /* es_format.cpp */ = {isa = PBXFileReference; fileEncoding = 4; lastKnownFileType = sourcecode.cpp.cpp; path = es_format.cpp; sourceTree = "<group>"; };
		5446510A2153395200C41A3F /* video_format.cpp */ = {isa = PBXFileReference; fileEncoding = 4; lastKnownFileType = sourcecode.cpp.cpp; path = video_format.cpp; sourceTree = "<group>"; };
		54A0A5D52150993C00B9A0C5 /* MxCodecD.dylib */ = {isa = PBXFileReference; explicitFileType = "compiled.mach-o.dylib"; includeInIndex = 0; path = MxCodecD.dylib; sourceTree = BUILT_PRODUCTS_DIR; };
		54A0A5F22150A4E600B9A0C5 /* MxFourcc.h */ = {isa = PBXFileReference; fileEncoding = 4; lastKnownFileType = sourcecode.c.h; name = MxFourcc.h; path = ../include/MxFourcc.h; sourceTree = "<group>"; };
		54A0A5F42150A69800B9A0C5 /* stdafx.h */ = {isa = PBXFileReference; fileEncoding = 4; lastKnownFileType = sourcecode.c.h; path = stdafx.h; sourceTree = "<group>"; };
		54A0A5F52150A69800B9A0C5 /* stdafx.cpp */ = {isa = PBXFileReference; fileEncoding = 4; lastKnownFileType = sourcecode.cpp.cpp; path = stdafx.cpp; sourceTree = "<group>"; };
		54A0A6052150CABD00B9A0C5 /* fourcc.cpp */ = {isa = PBXFileReference; fileEncoding = 4; lastKnownFileType = sourcecode.cpp.cpp; name = fourcc.cpp; path = MxFourcc/fourcc.cpp; sourceTree = "<group>"; };
/* End PBXFileReference section */

/* Begin PBXFrameworksBuildPhase section */
		54A0A5D22150993C00B9A0C5 /* Frameworks */ = {
			isa = PBXFrameworksBuildPhase;
			buildActionMask = 2147483647;
			files = (
			);
			runOnlyForDeploymentPostprocessing = 0;
		};
/* End PBXFrameworksBuildPhase section */

/* Begin PBXGroup section */
		544650A2215247BF00C41A3F /* MxEs */ = {
			isa = PBXGroup;
			children = (
				5446510A2153395200C41A3F /* video_format.cpp */,
				544650A3215247EB00C41A3F /* es_format.cpp */,
			);
			path = MxEs;
			sourceTree = "<group>";
		};
		54A0A5CC2150993C00B9A0C5 = {
			isa = PBXGroup;
			children = (
				54A0A5EF21509DBE00B9A0C5 /* include */,
				54A0A5F021509DC700B9A0C5 /* header */,
				54A0A5F121509DD200B9A0C5 /* sources */,
				54A0A5D62150993C00B9A0C5 /* Products */,
			);
			sourceTree = "<group>";
		};
		54A0A5D62150993C00B9A0C5 /* Products */ = {
			isa = PBXGroup;
			children = (
				54A0A5D52150993C00B9A0C5 /* MxCodecD.dylib */,
			);
			name = Products;
			sourceTree = "<group>";
		};
		54A0A5EF21509DBE00B9A0C5 /* include */ = {
			isa = PBXGroup;
			children = (
				54464FA92150F1F000C41A3F /* CMxBlock.h */,
				54464FA52150F13000C41A3F /* CMxStream.h */,
				54464FA32150E9DA00C41A3F /* MxEs.h */,
				54A0A5F22150A4E600B9A0C5 /* MxFourcc.h */,
			);
			name = include;
			sourceTree = "<group>";
		};
		54A0A5F021509DC700B9A0C5 /* header */ = {
			isa = PBXGroup;
			children = (
				54A0A5F42150A69800B9A0C5 /* stdafx.h */,
			);
			name = header;
			sourceTree = "<group>";
		};
		54A0A5F121509DD200B9A0C5 /* sources */ = {
			isa = PBXGroup;
			children = (
				544650A2215247BF00C41A3F /* MxEs */,
				54464FAB2150F91B00C41A3F /* CMxBlock.cpp */,
				54464FA72150F13A00C41A3F /* CMxStream.cpp */,
				54A0A5F52150A69800B9A0C5 /* stdafx.cpp */,
				54A0A6022150CAAB00B9A0C5 /* MxFourcc */,
			);
			name = sources;
			sourceTree = "<group>";
		};
		54A0A6022150CAAB00B9A0C5 /* MxFourcc */ = {
			isa = PBXGroup;
			children = (
				54464FA12150E7FF00C41A3F /* fourcc_tables.h */,
				54A0A6052150CABD00B9A0C5 /* fourcc.cpp */,
			);
			name = MxFourcc;
			sourceTree = "<group>";
		};
/* End PBXGroup section */

/* Begin PBXHeadersBuildPhase section */
		54A0A5D32150993C00B9A0C5 /* Headers */ = {
			isa = PBXHeadersBuildPhase;
			buildActionMask = 2147483647;
			files = (
				54464FA22150E7FF00C41A3F /* fourcc_tables.h in Headers */,
				54464FAA2150F1F000C41A3F /* CMxBlock.h in Headers */,
				54464FA42150E9DA00C41A3F /* MxEs.h in Headers */,
				54464FA62150F13000C41A3F /* CMxStream.h in Headers */,
				54A0A5F62150A69800B9A0C5 /* stdafx.h in Headers */,
				54A0A5F32150A4E600B9A0C5 /* MxFourcc.h in Headers */,
			);
			runOnlyForDeploymentPostprocessing = 0;
		};
/* End PBXHeadersBuildPhase section */

/* Begin PBXNativeTarget section */
		54A0A5D42150993C00B9A0C5 /* MxCodec */ = {
			isa = PBXNativeTarget;
			buildConfigurationList = 54A0A5E02150993C00B9A0C5 /* Build configuration list for PBXNativeTarget "MxCodec" */;
			buildPhases = (
				54A0A5D12150993C00B9A0C5 /* Sources */,
				54A0A5D22150993C00B9A0C5 /* Frameworks */,
				54A0A5D32150993C00B9A0C5 /* Headers */,
			);
			buildRules = (
			);
			dependencies = (
			);
			name = MxCodec;
			productName = MxCodec;
			productReference = 54A0A5D52150993C00B9A0C5 /* MxCodecD.dylib */;
			productType = "com.apple.product-type.library.dynamic";
		};
/* End PBXNativeTarget section */

/* Begin PBXProject section */
		54A0A5CD2150993C00B9A0C5 /* Project object */ = {
			isa = PBXProject;
			attributes = {
				LastUpgradeCheck = 0900;
				ORGANIZATIONNAME = lixiaopeng;
				TargetAttributes = {
					54A0A5D42150993C00B9A0C5 = {
						CreatedOnToolsVersion = 9.0;
						ProvisioningStyle = Automatic;
					};
				};
			};
			buildConfigurationList = 54A0A5D02150993C00B9A0C5 /* Build configuration list for PBXProject "MxCodec" */;
			compatibilityVersion = "Xcode 8.0";
			developmentRegion = en;
			hasScannedForEncodings = 0;
			knownRegions = (
				en,
			);
			mainGroup = 54A0A5CC2150993C00B9A0C5;
			productRefGroup = 54A0A5D62150993C00B9A0C5 /* Products */;
			projectDirPath = "";
			projectRoot = "";
			targets = (
				54A0A5D42150993C00B9A0C5 /* MxCodec */,
			);
		};
/* End PBXProject section */

/* Begin PBXSourcesBuildPhase section */
		54A0A5D12150993C00B9A0C5 /* Sources */ = {
			isa = PBXSourcesBuildPhase;
			buildActionMask = 2147483647;
			files = (
				5446510B2153395200C41A3F /* video_format.cpp in Sources */,
				54464FAC2150F91B00C41A3F /* CMxBlock.cpp in Sources */,
				54464FA82150F13A00C41A3F /* CMxStream.cpp in Sources */,
				544650A4215247EB00C41A3F /* es_format.cpp in Sources */,
				54A0A5F72150A69800B9A0C5 /* stdafx.cpp in Sources */,
				54A0A6082150CABD00B9A0C5 /* fourcc.cpp in Sources */,
			);
			runOnlyForDeploymentPostprocessing = 0;
		};
/* End PBXSourcesBuildPhase section */

/* Begin XCBuildConfiguration section */
		54A0A5DE2150993C00B9A0C5 /* Debug */ = {
			isa = XCBuildConfiguration;
			buildSettings = {
				ALWAYS_SEARCH_USER_PATHS = NO;
				CLANG_ANALYZER_NONNULL = YES;
				CLANG_ANALYZER_NUMBER_OBJECT_CONVERSION = YES_AGGRESSIVE;
				CLANG_CXX_LANGUAGE_STANDARD = "gnu++14";
				CLANG_CXX_LIBRARY = "libc++";
				CLANG_ENABLE_MODULES = YES;
				CLANG_ENABLE_OBJC_ARC = YES;
				CLANG_WARN_BLOCK_CAPTURE_AUTORELEASING = YES;
				CLANG_WARN_BOOL_CONVERSION = YES;
				CLANG_WARN_COMMA = YES;
				CLANG_WARN_CONSTANT_CONVERSION = YES;
				CLANG_WARN_DIRECT_OBJC_ISA_USAGE = YES_ERROR;
				CLANG_WARN_DOCUMENTATION_COMMENTS = YES;
				CLANG_WARN_EMPTY_BODY = YES;
				CLANG_WARN_ENUM_CONVERSION = YES;
				CLANG_WARN_INFINITE_RECURSION = YES;
				CLANG_WARN_INT_CONVERSION = YES;
				CLANG_WARN_NON_LITERAL_NULL_CONVERSION = YES;
				CLANG_WARN_OBJC_LITERAL_CONVERSION = YES;
				CLANG_WARN_OBJC_ROOT_CLASS = YES_ERROR;
				CLANG_WARN_RANGE_LOOP_ANALYSIS = YES;
				CLANG_WARN_STRICT_PROTOTYPES = YES;
				CLANG_WARN_SUSPICIOUS_MOVE = YES;
				CLANG_WARN_UNGUARDED_AVAILABILITY = YES_AGGRESSIVE;
				CLANG_WARN_UNREACHABLE_CODE = YES;
				CLANG_WARN__DUPLICATE_METHOD_MATCH = YES;
				CODE_SIGN_IDENTITY = "-";
				CONFIGURATION_BUILD_DIR = "$SRCROOT/../../MxPlayer-build/bin";
				COPY_PHASE_STRIP = NO;
				DEBUG_INFORMATION_FORMAT = dwarf;
				ENABLE_STRICT_OBJC_MSGSEND = YES;
				ENABLE_TESTABILITY = YES;
				GCC_C_LANGUAGE_STANDARD = gnu11;
				GCC_DYNAMIC_NO_PIC = NO;
				GCC_NO_COMMON_BLOCKS = YES;
				GCC_OPTIMIZATION_LEVEL = 0;
				GCC_PREPROCESSOR_DEFINITIONS = (
					"DEBUG=1",
					"$(inherited)",
				);
				GCC_WARN_64_TO_32_BIT_CONVERSION = YES;
				GCC_WARN_ABOUT_RETURN_TYPE = YES_ERROR;
				GCC_WARN_UNDECLARED_SELECTOR = YES;
				GCC_WARN_UNINITIALIZED_AUTOS = YES_AGGRESSIVE;
				GCC_WARN_UNUSED_FUNCTION = YES;
				GCC_WARN_UNUSED_VARIABLE = YES;
				MACOSX_DEPLOYMENT_TARGET = 10.12;
				MTL_ENABLE_DEBUG_INFO = YES;
				OBJROOT = "$SRCROOT/../../MxPlayer-build/$PROJECT_NAME/build";
				ONLY_ACTIVE_ARCH = YES;
				SDKROOT = macosx;
				SYMROOT = "$SRCROOT/../../MxPlayer-build/bin/$CONFIGURATION";
			};
			name = Debug;
		};
		54A0A5DF2150993C00B9A0C5 /* Release */ = {
			isa = XCBuildConfiguration;
			buildSettings = {
				ALWAYS_SEARCH_USER_PATHS = NO;
				CLANG_ANALYZER_NONNULL = YES;
				CLANG_ANALYZER_NUMBER_OBJECT_CONVERSION = YES_AGGRESSIVE;
				CLANG_CXX_LANGUAGE_STANDARD = "gnu++14";
				CLANG_CXX_LIBRARY = "libc++";
				CLANG_ENABLE_MODULES = YES;
				CLANG_ENABLE_OBJC_ARC = YES;
				CLANG_WARN_BLOCK_CAPTURE_AUTORELEASING = YES;
				CLANG_WARN_BOOL_CONVERSION = YES;
				CLANG_WARN_COMMA = YES;
				CLANG_WARN_CONSTANT_CONVERSION = YES;
				CLANG_WARN_DIRECT_OBJC_ISA_USAGE = YES_ERROR;
				CLANG_WARN_DOCUMENTATION_COMMENTS = YES;
				CLANG_WARN_EMPTY_BODY = YES;
				CLANG_WARN_ENUM_CONVERSION = YES;
				CLANG_WARN_INFINITE_RECURSION = YES;
				CLANG_WARN_INT_CONVERSION = YES;
				CLANG_WARN_NON_LITERAL_NULL_CONVERSION = YES;
				CLANG_WARN_OBJC_LITERAL_CONVERSION = YES;
				CLANG_WARN_OBJC_ROOT_CLASS = YES_ERROR;
				CLANG_WARN_RANGE_LOOP_ANALYSIS = YES;
				CLANG_WARN_STRICT_PROTOTYPES = YES;
				CLANG_WARN_SUSPICIOUS_MOVE = YES;
				CLANG_WARN_UNGUARDED_AVAILABILITY = YES_AGGRESSIVE;
				CLANG_WARN_UNREACHABLE_CODE = YES;
				CLANG_WARN__DUPLICATE_METHOD_MATCH = YES;
				CODE_SIGN_IDENTITY = "-";
				CONFIGURATION_BUILD_DIR = "$SRCROOT/../../MxPlayer-build/bin";
				COPY_PHASE_STRIP = NO;
				DEBUG_INFORMATION_FORMAT = "dwarf-with-dsym";
				ENABLE_NS_ASSERTIONS = NO;
				ENABLE_STRICT_OBJC_MSGSEND = YES;
				GCC_C_LANGUAGE_STANDARD = gnu11;
				GCC_NO_COMMON_BLOCKS = YES;
				GCC_WARN_64_TO_32_BIT_CONVERSION = YES;
				GCC_WARN_ABOUT_RETURN_TYPE = YES_ERROR;
				GCC_WARN_UNDECLARED_SELECTOR = YES;
				GCC_WARN_UNINITIALIZED_AUTOS = YES_AGGRESSIVE;
				GCC_WARN_UNUSED_FUNCTION = YES;
				GCC_WARN_UNUSED_VARIABLE = YES;
				MACOSX_DEPLOYMENT_TARGET = 10.12;
				MTL_ENABLE_DEBUG_INFO = NO;
				OBJROOT = "$SRCROOT/../../MxPlayer-build/$PROJECT_NAME/build";
				SDKROOT = macosx;
				SYMROOT = "$SRCROOT/../../MxPlayer-build/bin/$CONFIGURATION";
			};
			name = Release;
		};
		54A0A5E12150993C00B9A0C5 /* Debug */ = {
			isa = XCBuildConfiguration;
			buildSettings = {
				CODE_SIGN_STYLE = Automatic;
				CONFIGURATION_BUILD_DIR = "$SRCROOT/../../MxPlayer-build/bin";
				DYLIB_COMPATIBILITY_VERSION = 1;
				DYLIB_CURRENT_VERSION = 1;
				EXECUTABLE_PREFIX = "";
				GCC_ENABLE_CPP_EXCEPTIONS = YES;
				GCC_ENABLE_CPP_RTTI = YES;
				GCC_PRECOMPILE_PREFIX_HEADER = YES;
				GCC_PREFIX_HEADER = stdafx.h;
				GCC_SYMBOLS_PRIVATE_EXTERN = YES;
				HEADER_SEARCH_PATHS = ../include;
				INSTALL_PATH = "@rpath";
				OBJROOT = "$SRCROOT/../../MxPlayer-build/$PROJECT_NAME/build";
				PRODUCT_NAME = "$(TARGET_NAME)D";
				SYMROOT = "$SRCROOT/../../MxPlayer-build/bin/$CONFIGURATION";
			};
			name = Debug;
		};
		54A0A5E22150993C00B9A0C5 /* Release */ = {
			isa = XCBuildConfiguration;
			buildSettings = {
				CODE_SIGN_STYLE = Automatic;
				CONFIGURATION_BUILD_DIR = "$SRCROOT/../../MxPlayer-build/bin";
				DYLIB_COMPATIBILITY_VERSION = 1;
				DYLIB_CURRENT_VERSION = 1;
				EXECUTABLE_PREFIX = "";
				GCC_ENABLE_CPP_EXCEPTIONS = YES;
				GCC_ENABLE_CPP_RTTI = YES;
				GCC_PRECOMPILE_PREFIX_HEADER = YES;
				GCC_PREFIX_HEADER = stdafx.h;
				GCC_SYMBOLS_PRIVATE_EXTERN = YES;
				HEADER_SEARCH_PATHS = ../include;
				INSTALL_PATH = "@rpath";
				OBJROOT = "$SRCROOT/../../MxPlayer-build/$PROJECT_NAME/build";
				PRODUCT_NAME = "$(TARGET_NAME)";
				SYMROOT = "$SRCROOT/../../MxPlayer-build/bin/$CONFIGURATION";
			};
			name = Release;
		};
/* End XCBuildConfiguration section */

/* Begin XCConfigurationList section */
		54A0A5D02150993C00B9A0C5 /* Build configuration list for PBXProject "MxCodec" */ = {
			isa = XCConfigurationList;
			buildConfigurations = (
				54A0A5DE2150993C00B9A0C5 /* Debug */,
				54A0A5DF2150993C00B9A0C5 /* Release */,
			);
			defaultConfigurationIsVisible = 0;
			defaultConfigurationName = Release;
		};
		54A0A5E02150993C00B9A0C5 /* Build configuration list for PBXNativeTarget "MxCodec" */ = {
			isa = XCConfigurationList;
			buildConfigurations = (
				54A0A5E12150993C00B9A0C5 /* Debug */,
				54A0A5E22150993C00B9A0C5 /* Release */,
			);
			defaultConfigurationIsVisible = 0;
			defaultConfigurationName = Release;
		};
/* End XCConfigurationList section */
	};
	rootObject = 54A0A5CD2150993C00B9A0C5 /* Project object */;
}
