// !$*UTF8*$!
{
	archiveVersion = 1;
	classes = {
	};
	objectVersion = 48;
	objects = {

/* Begin PBXBuildFile section */
		5446509C2152326F00C41A3F /* CMxFileAccess.cpp in Sources */ = {isa = PBXBuildFile; fileRef = 5446509A2152326F00C41A3F /* CMxFileAccess.cpp */; };
		5446509D2152326F00C41A3F /* CMxFileAccess.h in Headers */ = {isa = PBXBuildFile; fileRef = 5446509B2152326F00C41A3F /* CMxFileAccess.h */; };
		544650A02152346A00C41A3F /* stdafx.cpp in Sources */ = {isa = PBXBuildFile; fileRef = 5446509E2152346A00C41A3F /* stdafx.cpp */; };
		544650A12152346A00C41A3F /* stdafx.h in Headers */ = {isa = PBXBuildFile; fileRef = 5446509F2152346A00C41A3F /* stdafx.h */; };
/* End PBXBuildFile section */

/* Begin PBXFileReference section */
		544650802152322D00C41A3F /* MxFileAccessD.dylib */ = {isa = PBXFileReference; explicitFileType = "compiled.mach-o.dylib"; includeInIndex = 0; path = MxFileAccessD.dylib; sourceTree = BUILT_PRODUCTS_DIR; };
		5446509A2152326F00C41A3F /* CMxFileAccess.cpp */ = {isa = PBXFileReference; fileEncoding = 4; lastKnownFileType = sourcecode.cpp.cpp; path = CMxFileAccess.cpp; sourceTree = "<group>"; };
		5446509B2152326F00C41A3F /* CMxFileAccess.h */ = {isa = PBXFileReference; fileEncoding = 4; lastKnownFileType = sourcecode.c.h; path = CMxFileAccess.h; sourceTree = "<group>"; };
		5446509E2152346A00C41A3F /* stdafx.cpp */ = {isa = PBXFileReference; fileEncoding = 4; lastKnownFileType = sourcecode.cpp.cpp; path = stdafx.cpp; sourceTree = "<group>"; };
		5446509F2152346A00C41A3F /* stdafx.h */ = {isa = PBXFileReference; fileEncoding = 4; lastKnownFileType = sourcecode.c.h; path = stdafx.h; sourceTree = "<group>"; };
/* End PBXFileReference section */

/* Begin PBXFrameworksBuildPhase section */
		5446507D2152322D00C41A3F /* Frameworks */ = {
			isa = PBXFrameworksBuildPhase;
			buildActionMask = 2147483647;
			files = (
			);
			runOnlyForDeploymentPostprocessing = 0;
		};
/* End PBXFrameworksBuildPhase section */

/* Begin PBXGroup section */
		544650772152322D00C41A3F = {
			isa = PBXGroup;
			children = (
				5446509E2152346A00C41A3F /* stdafx.cpp */,
				5446509F2152346A00C41A3F /* stdafx.h */,
				5446509A2152326F00C41A3F /* CMxFileAccess.cpp */,
				5446509B2152326F00C41A3F /* CMxFileAccess.h */,
				544650812152322D00C41A3F /* Products */,
			);
			sourceTree = "<group>";
		};
		544650812152322D00C41A3F /* Products */ = {
			isa = PBXGroup;
			children = (
				544650802152322D00C41A3F /* MxFileAccessD.dylib */,
			);
			name = Products;
			sourceTree = "<group>";
		};
/* End PBXGroup section */

/* Begin PBXHeadersBuildPhase section */
		5446507E2152322D00C41A3F /* Headers */ = {
			isa = PBXHeadersBuildPhase;
			buildActionMask = 2147483647;
			files = (
				544650A12152346A00C41A3F /* stdafx.h in Headers */,
				5446509D2152326F00C41A3F /* CMxFileAccess.h in Headers */,
			);
			runOnlyForDeploymentPostprocessing = 0;
		};
/* End PBXHeadersBuildPhase section */

/* Begin PBXNativeTarget section */
		5446507F2152322D00C41A3F /* MxFileAccess */ = {
			isa = PBXNativeTarget;
			buildConfigurationList = 5446508B2152322D00C41A3F /* Build configuration list for PBXNativeTarget "MxFileAccess" */;
			buildPhases = (
				5446507C2152322D00C41A3F /* Sources */,
				5446507D2152322D00C41A3F /* Frameworks */,
				5446507E2152322D00C41A3F /* Headers */,
			);
			buildRules = (
			);
			dependencies = (
			);
			name = MxFileAccess;
			productName = MxFileAccess;
			productReference = 544650802152322D00C41A3F /* MxFileAccessD.dylib */;
			productType = "com.apple.product-type.library.dynamic";
		};
/* End PBXNativeTarget section */

/* Begin PBXProject section */
		544650782152322D00C41A3F /* Project object */ = {
			isa = PBXProject;
			attributes = {
				LastUpgradeCheck = 0900;
				ORGANIZATIONNAME = lixiaopeng;
				TargetAttributes = {
					5446507F2152322D00C41A3F = {
						CreatedOnToolsVersion = 9.0;
						ProvisioningStyle = Automatic;
					};
				};
			};
			buildConfigurationList = 5446507B2152322D00C41A3F /* Build configuration list for PBXProject "MxFileAccess" */;
			compatibilityVersion = "Xcode 8.0";
			developmentRegion = en;
			hasScannedForEncodings = 0;
			knownRegions = (
				en,
			);
			mainGroup = 544650772152322D00C41A3F;
			productRefGroup = 544650812152322D00C41A3F /* Products */;
			projectDirPath = "";
			projectRoot = "";
			targets = (
				5446507F2152322D00C41A3F /* MxFileAccess */,
			);
		};
/* End PBXProject section */

/* Begin PBXSourcesBuildPhase section */
		5446507C2152322D00C41A3F /* Sources */ = {
			isa = PBXSourcesBuildPhase;
			buildActionMask = 2147483647;
			files = (
				5446509C2152326F00C41A3F /* CMxFileAccess.cpp in Sources */,
				544650A02152346A00C41A3F /* stdafx.cpp in Sources */,
			);
			runOnlyForDeploymentPostprocessing = 0;
		};
/* End PBXSourcesBuildPhase section */

/* Begin XCBuildConfiguration section */
		544650892152322D00C41A3F /* Debug */ = {
			isa = XCBuildConfiguration;
			buildSettings = {
				ALWAYS_SEARCH_USER_PATHS = NO;
				CLANG_ANALYZER_NONNULL = YES;
				CLANG_ANALYZER_NUMBER_OBJECT_CONVERSION = YES_AGGRESSIVE;
				CLANG_CXX_LANGUAGE_STANDARD = "gnu++14";
				CLANG_CXX_LIBRARY = "libc++";
				CLANG_ENABLE_MODULES = YES;
				CLANG_ENABLE_OBJC_ARC = YES;
				CLANG_WARN_BLOCK_CAPTURE_AUTORELEASING = YES;
				CLANG_WARN_BOOL_CONVERSION = YES;
				CLANG_WARN_COMMA = YES;
				CLANG_WARN_CONSTANT_CONVERSION = YES;
				CLANG_WARN_DIRECT_OBJC_ISA_USAGE = YES_ERROR;
				CLANG_WARN_DOCUMENTATION_COMMENTS = YES;
				CLANG_WARN_EMPTY_BODY = YES;
				CLANG_WARN_ENUM_CONVERSION = YES;
				CLANG_WARN_INFINITE_RECURSION = YES;
				CLANG_WARN_INT_CONVERSION = YES;
				CLANG_WARN_NON_LITERAL_NULL_CONVERSION = YES;
				CLANG_WARN_OBJC_LITERAL_CONVERSION = YES;
				CLANG_WARN_OBJC_ROOT_CLASS = YES_ERROR;
				CLANG_WARN_RANGE_LOOP_ANALYSIS = YES;
				CLANG_WARN_STRICT_PROTOTYPES = YES;
				CLANG_WARN_SUSPICIOUS_MOVE = YES;
				CLANG_WARN_UNGUARDED_AVAILABILITY = YES_AGGRESSIVE;
				CLANG_WARN_UNREACHABLE_CODE = YES;
				CLANG_WARN__DUPLICATE_METHOD_MATCH = YES;
				CODE_SIGN_IDENTITY = "-";
				COPY_PHASE_STRIP = NO;
				DEBUG_INFORMATION_FORMAT = dwarf;
				ENABLE_STRICT_OBJC_MSGSEND = YES;
				ENABLE_TESTABILITY = YES;
				GCC_C_LANGUAGE_STANDARD = gnu11;
				GCC_DYNAMIC_NO_PIC = NO;
				GCC_NO_COMMON_BLOCKS = YES;
				GCC_OPTIMIZATION_LEVEL = 0;
				GCC_PREPROCESSOR_DEFINITIONS = (
					"DEBUG=1",
					"$(inherited)",
				);
				GCC_WARN_64_TO_32_BIT_CONVERSION = YES;
				GCC_WARN_ABOUT_RETURN_TYPE = YES_ERROR;
				GCC_WARN_UNDECLARED_SELECTOR = YES;
				GCC_WARN_UNINITIALIZED_AUTOS = YES_AGGRESSIVE;
				GCC_WARN_UNUSED_FUNCTION = YES;
				GCC_WARN_UNUSED_VARIABLE = YES;
				MACOSX_DEPLOYMENT_TARGET = 10.12;
				MTL_ENABLE_DEBUG_INFO = YES;
				ONLY_ACTIVE_ARCH = YES;
				SDKROOT = macosx;
			};
			name = Debug;
		};
		5446508A2152322D00C41A3F /* Release */ = {
			isa = XCBuildConfiguration;
			buildSettings = {
				ALWAYS_SEARCH_USER_PATHS = NO;
				CLANG_ANALYZER_NONNULL = YES;
				CLANG_ANALYZER_NUMBER_OBJECT_CONVERSION = YES_AGGRESSIVE;
				CLANG_CXX_LANGUAGE_STANDARD = "gnu++14";
				CLANG_CXX_LIBRARY = "libc++";
				CLANG_ENABLE_MODULES = YES;
				CLANG_ENABLE_OBJC_ARC = YES;
				CLANG_WARN_BLOCK_CAPTURE_AUTORELEASING = YES;
				CLANG_WARN_BOOL_CONVERSION = YES;
				CLANG_WARN_COMMA = YES;
				CLANG_WARN_CONSTANT_CONVERSION = YES;
				CLANG_WARN_DIRECT_OBJC_ISA_USAGE = YES_ERROR;
				CLANG_WARN_DOCUMENTATION_COMMENTS = YES;
				CLANG_WARN_EMPTY_BODY = YES;
				CLANG_WARN_ENUM_CONVERSION = YES;
				CLANG_WARN_INFINITE_RECURSION = YES;
				CLANG_WARN_INT_CONVERSION = YES;
				CLANG_WARN_NON_LITERAL_NULL_CONVERSION = YES;
				CLANG_WARN_OBJC_LITERAL_CONVERSION = YES;
				CLANG_WARN_OBJC_ROOT_CLASS = YES_ERROR;
				CLANG_WARN_RANGE_LOOP_ANALYSIS = YES;
				CLANG_WARN_STRICT_PROTOTYPES = YES;
				CLANG_WARN_SUSPICIOUS_MOVE = YES;
				CLANG_WARN_UNGUARDED_AVAILABILITY = YES_AGGRESSIVE;
				CLANG_WARN_UNREACHABLE_CODE = YES;
				CLANG_WARN__DUPLICATE_METHOD_MATCH = YES;
				CODE_SIGN_IDENTITY = "-";
				COPY_PHASE_STRIP = NO;
				DEBUG_INFORMATION_FORMAT = "dwarf-with-dsym";
				ENABLE_NS_ASSERTIONS = NO;
				ENABLE_STRICT_OBJC_MSGSEND = YES;
				GCC_C_LANGUAGE_STANDARD = gnu11;
				GCC_NO_COMMON_BLOCKS = YES;
				GCC_WARN_64_TO_32_BIT_CONVERSION = YES;
				GCC_WARN_ABOUT_RETURN_TYPE = YES_ERROR;
				GCC_WARN_UNDECLARED_SELECTOR = YES;
				GCC_WARN_UNINITIALIZED_AUTOS = YES_AGGRESSIVE;
				GCC_WARN_UNUSED_FUNCTION = YES;
				GCC_WARN_UNUSED_VARIABLE = YES;
				MACOSX_DEPLOYMENT_TARGET = 10.12;
				MTL_ENABLE_DEBUG_INFO = NO;
				SDKROOT = macosx;
			};
			name = Release;
		};
		5446508C2152322D00C41A3F /* Debug */ = {
			isa = XCBuildConfiguration;
			buildSettings = {
				CODE_SIGN_STYLE = Automatic;
				CONFIGURATION_BUILD_DIR = "$SRCROOT/../../../../MxPlayer-build/bin/$CONFIGURATION/plugin/access";
				DYLIB_COMPATIBILITY_VERSION = 1;
				DYLIB_CURRENT_VERSION = 1;
				EXECUTABLE_PREFIX = "";
				GCC_ENABLE_CPP_EXCEPTIONS = YES;
				GCC_ENABLE_CPP_RTTI = YES;
				GCC_PRECOMPILE_PREFIX_HEADER = YES;
				GCC_PREFIX_HEADER = stdafx.h;
				GCC_SYMBOLS_PRIVATE_EXTERN = YES;
				HEADER_SEARCH_PATHS = ../../../include;
				INSTALL_PATH = "@rpath";
				OBJROOT = "$SRCROOT/../../../../MxPlayer-build/plugin/access/$PROJECT_NAME/build";
				PRODUCT_NAME = "$(TARGET_NAME)D";
				SYMROOT = "$SRCROOT/../../../../MxPlayer-build/bin/$CONFIGURATION/plugin/access";
			};
			name = Debug;
		};
		5446508D2152322D00C41A3F /* Release */ = {
			isa = XCBuildConfiguration;
			buildSettings = {
				CODE_SIGN_STYLE = Automatic;
				CONFIGURATION_BUILD_DIR = "$SRCROOT/../../../../MxPlayer-build/bin/$CONFIGURATION/plugin/access";
				DYLIB_COMPATIBILITY_VERSION = 1;
				DYLIB_CURRENT_VERSION = 1;
				EXECUTABLE_PREFIX = "";
				GCC_ENABLE_CPP_EXCEPTIONS = YES;
				GCC_ENABLE_CPP_RTTI = YES;
				GCC_PRECOMPILE_PREFIX_HEADER = YES;
				GCC_PREFIX_HEADER = stdafx.h;
				GCC_SYMBOLS_PRIVATE_EXTERN = YES;
				HEADER_SEARCH_PATHS = ../../../include;
				INSTALL_PATH = "@rpath";
				OBJROOT = "$SRCROOT/../../../../MxPlayer-build/plugin/access/$PROJECT_NAME/build";
				PRODUCT_NAME = "$(TARGET_NAME)";
				SYMROOT = "$SRCROOT/../../../../MxPlayer-build/bin/$CONFIGURATION/plugin/access";
			};
			name = Release;
		};
/* End XCBuildConfiguration section */

/* Begin XCConfigurationList section */
		5446507B2152322D00C41A3F /* Build configuration list for PBXProject "MxFileAccess" */ = {
			isa = XCConfigurationList;
			buildConfigurations = (
				544650892152322D00C41A3F /* Debug */,
				5446508A2152322D00C41A3F /* Release */,
			);
			defaultConfigurationIsVisible = 0;
			defaultConfigurationName = Release;
		};
		5446508B2152322D00C41A3F /* Build configuration list for PBXNativeTarget "MxFileAccess" */ = {
			isa = XCConfigurationList;
			buildConfigurations = (
				5446508C2152322D00C41A3F /* Debug */,
				5446508D2152322D00C41A3F /* Release */,
			);
			defaultConfigurationIsVisible = 0;
			defaultConfigurationName = Release;
		};
/* End XCConfigurationList section */
	};
	rootObject = 544650782152322D00C41A3F /* Project object */;
}
