// !$*UTF8*$!
{
	archiveVersion = 1;
	classes = {
	};
	objectVersion = 46;
	objects = {

/* Begin PBXAggregateTarget section */
		065C81C962DD59A47C963405 /* Qt Preprocess */ = {
			isa = PBXAggregateTarget;
			buildConfigurationList = 6CC3B5D2136C7CD6A5CF5A59 /* Build configuration list for PBXNativeTarget "MxPlayer" */;
			buildPhases = (
				5E618435888B9D49F8540165 /* Qt Qmake */,
				7EF0942E79C014DCEC8976BC /* Qt Preprocessors */,
			);
			dependencies = (
			);
			name = "Qt Preprocess";
			productName = "Qt Preprocess";
		};
/* End PBXAggregateTarget section */

/* Begin PBXBuildFile section */
		46277AFBBE64D3ED05B09536 /* stdafx.cpp in Compile Sources */ = {isa = PBXBuildFile; fileRef = 1EE15236BE8D23B0112BEE19 /* stdafx.cpp */; settings = {ATTRIBUTES = (); }; };
		542101F32160C43C00507FEF /* MxSystemD.dylib in Link Binary With Libraries */ = {isa = PBXBuildFile; fileRef = 544651632159D22300C41A3F /* MxSystemD.dylib */; };
		54464FE52151EB7000C41A3F /* QtWidgets.framework in Link Binary With Libraries */ = {isa = PBXBuildFile; fileRef = 54464FE42151EB7000C41A3F /* QtWidgets.framework */; };
		54464FE72151EBDB00C41A3F /* main.cpp in Compile Sources */ = {isa = PBXBuildFile; fileRef = 54464FE62151EBDB00C41A3F /* main.cpp */; };
		8771A8C96E9C391044035D99 /* OpenGL.framework in Link Binary With Libraries */ = {isa = PBXBuildFile; fileRef = D4B32C2222F82AC56BADEB21 /* OpenGL.framework */; };
		8D267F2E4776F0ECA2F49DC8 /* IOKit.framework in Link Binary With Libraries */ = {isa = PBXBuildFile; fileRef = A1A67BEAA744704B29168D39 /* IOKit.framework */; };
		994A1BD1E426A09088330BE9 /* QtCore.framework in Link Binary With Libraries */ = {isa = PBXBuildFile; fileRef = 53A1666EF2EC8D8B83CC35FC /* QtCore.framework */; };
		A99B2AA0F9CBBDD12BA126A4 /* DiskArbitration.framework in Link Binary With Libraries */ = {isa = PBXBuildFile; fileRef = 2B774D8E4178765CE52EAAF5 /* DiskArbitration.framework */; };
		B07889C7F41764965C901BA2 /* dummy.cpp in Compile Sources */ = {isa = PBXBuildFile; fileRef = 12A9559A7F50D57FB891AC7C /* dummy.cpp */; settings = {ATTRIBUTES = (); }; };
		C21018B3553C3BF64ECA6651 /* QtGui.framework in Link Binary With Libraries */ = {isa = PBXBuildFile; fileRef = 34C3CC745F9A46849F0F12A2 /* QtGui.framework */; };
		CBA03B06DA687D2722E48FF7 /* MainWidget.cpp in Compile Sources */ = {isa = PBXBuildFile; fileRef = E03EB9FCB4B63F9A950E4B13 /* MainWidget.cpp */; settings = {ATTRIBUTES = (); }; };
		E8B75271FDF0EED99DB62565 /* moc_MainWidget.cpp in Compile Sources */ = {isa = PBXBuildFile; fileRef = C7A453180C054E030C959F7A /* moc_MainWidget.cpp */; settings = {ATTRIBUTES = (); }; };
/* End PBXBuildFile section */

/* Begin PBXContainerItemProxy section */
		54210174215DC5D000507FEF /* PBXContainerItemProxy */ = {
			isa = PBXContainerItemProxy;
			containerPortal = 54210170215DC5CF00507FEF /* MxDemuxer.xcodeproj */;
			proxyType = 2;
			remoteGlobalIDString = 54210162215DC5CF00507FEF;
			remoteInfo = MxDemuxer;
		};
		54464FD62151E98800C41A3F /* PBXContainerItemProxy */ = {
			isa = PBXContainerItemProxy;
			containerPortal = 6DB9C3763D02B1415CD9D565 /* Project object */;
			proxyType = 1;
			remoteGlobalIDString = 065C81C962DD59A47C963405;
			remoteInfo = "Qt Preprocess";
		};
		54464FDB2151E9A700C41A3F /* PBXContainerItemProxy */ = {
			isa = PBXContainerItemProxy;
			containerPortal = 54464FD72151E9A600C41A3F /* MxCodec.xcodeproj */;
			proxyType = 2;
			remoteGlobalIDString = 54A0A5D52150993C00B9A0C5;
			remoteInfo = MxCodec;
		};
		54464FE12151E9B200C41A3F /* PBXContainerItemProxy */ = {
			isa = PBXContainerItemProxy;
			containerPortal = 54464FDD2151E9B200C41A3F /* MxCore.xcodeproj */;
			proxyType = 2;
			remoteGlobalIDString = 54C3C5A1212A5C62009736A1;
			remoteInfo = MxCore;
		};
		544650982152326000C41A3F /* PBXContainerItemProxy */ = {
			isa = PBXContainerItemProxy;
			containerPortal = 544650942152326000C41A3F /* MxFileAccess.xcodeproj */;
			proxyType = 2;
			remoteGlobalIDString = 544650802152322D00C41A3F;
			remoteInfo = MxFileAccess;
		};
		544651622159D22300C41A3F /* PBXContainerItemProxy */ = {
			isa = PBXContainerItemProxy;
			containerPortal = 5446515B2159D22200C41A3F /* MxSystem.xcodeproj */;
			proxyType = 2;
			remoteGlobalIDString = 5446514D2159D22200C41A3F;
			remoteInfo = MxSystem;
		};
/* End PBXContainerItemProxy section */

/* Begin PBXCopyFilesBuildPhase section */
		99542592E9780B9225F24AA8 /* Embed Frameworks */ = {
			isa = PBXCopyFilesBuildPhase;
			buildActionMask = 2147483647;
			dstPath = "";
			dstSubfolderSpec = 10;
			files = (
			);
			name = "Embed Frameworks";
			runOnlyForDeploymentPostprocessing = 0;
		};
/* End PBXCopyFilesBuildPhase section */

/* Begin PBXFileReference section */
		12A9559A7F50D57FB891AC7C /* dummy.cpp */ = {isa = PBXFileReference; lastKnownFileType = sourcecode.cpp.cpp; name = dummy.cpp; path = /usr/local/Cellar/qt/5.11.1/mkspecs/features/data/dummy.cpp; sourceTree = "<absolute>"; };
		1EE15236BE8D23B0112BEE19 /* stdafx.cpp */ = {isa = PBXFileReference; lastKnownFileType = sourcecode.cpp.cpp; name = stdafx.cpp; path = /Users/ws/work/TestPlayer/MxPlayer/stdafx.cpp; sourceTree = "<absolute>"; };
		2B774D8E4178765CE52EAAF5 /* DiskArbitration.framework */ = {isa = PBXFileReference; lastKnownFileType = wrapper.framework; name = DiskArbitration.framework; path = /System/Library/Frameworks/DiskArbitration.framework; sourceTree = "<absolute>"; };
		34C3CC745F9A46849F0F12A2 /* QtGui.framework */ = {isa = PBXFileReference; lastKnownFileType = wrapper.framework; name = QtGui.framework; path = /usr/local/Cellar/qt/5.11.1/lib/QtGui.framework; sourceTree = "<absolute>"; };
		517C67A6EA328F641FFC21CA /* stdafx.h */ = {isa = PBXFileReference; lastKnownFileType = sourcecode.c.h; name = stdafx.h; path = /Users/ws/work/TestPlayer/MxPlayer/stdafx.h; sourceTree = "<absolute>"; };
		53A1666EF2EC8D8B83CC35FC /* QtCore.framework */ = {isa = PBXFileReference; lastKnownFileType = wrapper.framework; name = QtCore.framework; path = /usr/local/Cellar/qt/5.11.1/lib/QtCore.framework; sourceTree = "<absolute>"; };
		54210170215DC5CF00507FEF /* MxDemuxer.xcodeproj */ = {isa = PBXFileReference; lastKnownFileType = "wrapper.pb-project"; name = MxDemuxer.xcodeproj; path = ../plugin/muxer/MxDemuxer/MxDemuxer.xcodeproj; sourceTree = "<group>"; };
		54464FD72151E9A600C41A3F /* MxCodec.xcodeproj */ = {isa = PBXFileReference; lastKnownFileType = "wrapper.pb-project"; name = MxCodec.xcodeproj; path = ../MxCodec/MxCodec.xcodeproj; sourceTree = "<group>"; };
		54464FDD2151E9B200C41A3F /* MxCore.xcodeproj */ = {isa = PBXFileReference; lastKnownFileType = "wrapper.pb-project"; name = MxCore.xcodeproj; path = ../MxCore/MxCore.xcodeproj; sourceTree = "<group>"; };
		54464FE42151EB7000C41A3F /* QtWidgets.framework */ = {isa = PBXFileReference; lastKnownFileType = wrapper.framework; name = QtWidgets.framework; path = ../../../../../usr/local/Cellar/qt/5.11.1/Frameworks/QtWidgets.framework; sourceTree = "<group>"; };
		54464FE62151EBDB00C41A3F /* main.cpp */ = {isa = PBXFileReference; fileEncoding = 4; lastKnownFileType = sourcecode.cpp.cpp; path = main.cpp; sourceTree = "<group>"; };
		544650942152326000C41A3F /* MxFileAccess.xcodeproj */ = {isa = PBXFileReference; lastKnownFileType = "wrapper.pb-project"; name = MxFileAccess.xcodeproj; path = ../plugin/access/MxFileAccess/MxFileAccess.xcodeproj; sourceTree = "<group>"; };
		5446515B2159D22200C41A3F /* MxSystem.xcodeproj */ = {isa = PBXFileReference; lastKnownFileType = "wrapper.pb-project"; name = MxSystem.xcodeproj; path = ../MxSystem/MxSystem.xcodeproj; sourceTree = "<group>"; };
		87CD42F8CACCA8EA3AE0BB18 /* MxPlayerD.app */ = {isa = PBXFileReference; explicitFileType = wrapper.application; includeInIndex = 0; path = MxPlayerD.app; sourceTree = BUILT_PRODUCTS_DIR; };
		8D9815BDB5BD9F90D2BC05C5 /* AGL.framework */ = {isa = PBXFileReference; lastKnownFileType = wrapper.framework; name = AGL.framework; path = /System/Library/Frameworks/AGL.framework; sourceTree = "<absolute>"; };
		A1A67BEAA744704B29168D39 /* IOKit.framework */ = {isa = PBXFileReference; lastKnownFileType = wrapper.framework; name = IOKit.framework; path = /System/Library/Frameworks/IOKit.framework; sourceTree = "<absolute>"; };
		C09F0A46160E3DA8FE0C7628 /* MxPlayer.pro */ = {isa = PBXFileReference; lastKnownFileType = text; name = MxPlayer.pro; path = /Users/ws/work/TestPlayer/MxPlayer/MxPlayer.pro; sourceTree = "<absolute>"; };
		C7A453180C054E030C959F7A /* moc_MainWidget.cpp */ = {isa = PBXFileReference; lastKnownFileType = sourcecode.cpp.cpp; name = moc_MainWidget.cpp; path = /Users/ws/work/TestPlayer/MxPlayer/moc_MainWidget.cpp; sourceTree = "<absolute>"; };
		D4B32C2222F82AC56BADEB21 /* OpenGL.framework */ = {isa = PBXFileReference; lastKnownFileType = wrapper.framework; name = OpenGL.framework; path = /System/Library/Frameworks/OpenGL.framework; sourceTree = "<absolute>"; };
		E03EB9FCB4B63F9A950E4B13 /* MainWidget.cpp */ = {isa = PBXFileReference; lastKnownFileType = sourcecode.cpp.cpp; name = MainWidget.cpp; path = /Users/ws/work/TestPlayer/MxPlayer/MainWidget.cpp; sourceTree = "<absolute>"; };
		E6FB7C6C2BAA289AE4F9261F /* .qmake.stash */ = {isa = PBXFileReference; lastKnownFileType = text; name = .qmake.stash; path = /Users/ws/work/TestPlayer/.qmake.stash; sourceTree = "<absolute>"; };
		F06E2C5D675850ED510BBA26 /* MainWidget.h */ = {isa = PBXFileReference; lastKnownFileType = sourcecode.c.h; name = MainWidget.h; path = /Users/ws/work/TestPlayer/MxPlayer/MainWidget.h; sourceTree = "<absolute>"; };
/* End PBXFileReference section */

/* Begin PBXFrameworksBuildPhase section */
		D1C883685E82D5676953459A /* Link Binary With Libraries */ = {
			isa = PBXFrameworksBuildPhase;
			buildActionMask = 2147483647;
			files = (
				54464FE52151EB7000C41A3F /* QtWidgets.framework in Link Binary With Libraries */,
				C21018B3553C3BF64ECA6651 /* QtGui.framework in Link Binary With Libraries */,
				994A1BD1E426A09088330BE9 /* QtCore.framework in Link Binary With Libraries */,
				A99B2AA0F9CBBDD12BA126A4 /* DiskArbitration.framework in Link Binary With Libraries */,
				8D267F2E4776F0ECA2F49DC8 /* IOKit.framework in Link Binary With Libraries */,
				8771A8C96E9C391044035D99 /* OpenGL.framework in Link Binary With Libraries */,
				542101F32160C43C00507FEF /* MxSystemD.dylib in Link Binary With Libraries */,
			);
			name = "Link Binary With Libraries";
			runOnlyForDeploymentPostprocessing = 0;
		};
/* End PBXFrameworksBuildPhase section */

/* Begin PBXGroup section */
		25B08E2869634E9BCBA333A2 /* Generated Sources */ = {
			isa = PBXGroup;
			children = (
				C7A453180C054E030C959F7A /* moc_MainWidget.cpp */,
			);
			name = "Generated Sources";
			sourceTree = "<group>";
		};
		2EB56BE3C2D93CDAB0C52E67 /* Sources */ = {
			isa = PBXGroup;
			children = (
				54464FE62151EBDB00C41A3F /* main.cpp */,
				E03EB9FCB4B63F9A950E4B13 /* MainWidget.cpp */,
				1EE15236BE8D23B0112BEE19 /* stdafx.cpp */,
				F06E2C5D675850ED510BBA26 /* MainWidget.h */,
				517C67A6EA328F641FFC21CA /* stdafx.h */,
			);
			name = Sources;
			sourceTree = "<group>";
		};
		54210171215DC5CF00507FEF /* Products */ = {
			isa = PBXGroup;
			children = (
				54210175215DC5D000507FEF /* MxDemuxerD.dylib */,
			);
			name = Products;
			sourceTree = "<group>";
		};
		54464FD82151E9A600C41A3F /* Products */ = {
			isa = PBXGroup;
			children = (
				54464FDC2151E9A700C41A3F /* MxCodecD.dylib */,
			);
			name = Products;
			sourceTree = "<group>";
		};
		54464FDE2151E9B200C41A3F /* Products */ = {
			isa = PBXGroup;
			children = (
				54464FE22151E9B200C41A3F /* MxCoreD.dylib */,
			);
			name = Products;
			sourceTree = "<group>";
		};
		544650952152326000C41A3F /* Products */ = {
			isa = PBXGroup;
			children = (
				544650992152326000C41A3F /* MxFileAccessD.dylib */,
			);
			name = Products;
			sourceTree = "<group>";
		};
		5446515C2159D22200C41A3F /* Products */ = {
			isa = PBXGroup;
			children = (
				544651632159D22300C41A3F /* MxSystemD.dylib */,
			);
			name = Products;
			sourceTree = "<group>";
		};
		74B182DB50CB5611B5C1C297 /* Supporting Files */ = {
			isa = PBXGroup;
			children = (
				C09F0A46160E3DA8FE0C7628 /* MxPlayer.pro */,
				E6FB7C6C2BAA289AE4F9261F /* .qmake.stash */,
			);
			name = "Supporting Files";
			sourceTree = "<group>";
		};
		AF39DD055C3EF8226FBE929D /* Frameworks */ = {
			isa = PBXGroup;
			children = (
				54464FE42151EB7000C41A3F /* QtWidgets.framework */,
				34C3CC745F9A46849F0F12A2 /* QtGui.framework */,
				53A1666EF2EC8D8B83CC35FC /* QtCore.framework */,
				2B774D8E4178765CE52EAAF5 /* DiskArbitration.framework */,
				A1A67BEAA744704B29168D39 /* IOKit.framework */,
				D4B32C2222F82AC56BADEB21 /* OpenGL.framework */,
				8D9815BDB5BD9F90D2BC05C5 /* AGL.framework */,
			);
			name = Frameworks;
			sourceTree = "<group>";
		};
		B8254625CFD509ED2A24A166 /* Sources [moc_predefs] */ = {
			isa = PBXGroup;
			children = (
				12A9559A7F50D57FB891AC7C /* dummy.cpp */,
			);
			name = "Sources [moc_predefs]";
			sourceTree = "<group>";
		};
		E8C543AB96796ECAA2E65C57 /* MxPlayer */ = {
			isa = PBXGroup;
			children = (
				54210170215DC5CF00507FEF /* MxDemuxer.xcodeproj */,
				5446515B2159D22200C41A3F /* MxSystem.xcodeproj */,
				544650942152326000C41A3F /* MxFileAccess.xcodeproj */,
				54464FDD2151E9B200C41A3F /* MxCore.xcodeproj */,
				54464FD72151E9A600C41A3F /* MxCodec.xcodeproj */,
				2EB56BE3C2D93CDAB0C52E67 /* Sources */,
				25B08E2869634E9BCBA333A2 /* Generated Sources */,
				B8254625CFD509ED2A24A166 /* Sources [moc_predefs] */,
				74B182DB50CB5611B5C1C297 /* Supporting Files */,
				AF39DD055C3EF8226FBE929D /* Frameworks */,
				FE0A091FDBFB3E9C31B7A1BD /* Products */,
			);
			name = MxPlayer;
			sourceTree = "<group>";
		};
		FE0A091FDBFB3E9C31B7A1BD /* Products */ = {
			isa = PBXGroup;
			children = (
				87CD42F8CACCA8EA3AE0BB18 /* MxPlayerD.app */,
			);
			name = Products;
			sourceTree = "<group>";
		};
/* End PBXGroup section */

/* Begin PBXNativeTarget section */
		51592C202B46188A935DE2E9 /* MxPlayer */ = {
			isa = PBXNativeTarget;
			buildConfigurationList = 6CC3B5D2136C7CD6A5CF5A59 /* Build configuration list for PBXNativeTarget "MxPlayer" */;
			buildPhases = (
				54464FE32151EAFB00C41A3F /* ShellScript */,
				F7E50F631C51CD5B5DC0BC43 /* Compile Sources */,
				D1C883685E82D5676953459A /* Link Binary With Libraries */,
				30414803F31797EB689AE508 /* Copy Bundle Resources */,
				99542592E9780B9225F24AA8 /* Embed Frameworks */,
			);
			buildRules = (
			);
			dependencies = (
				CDCDBC2463096EBEC43DDBD7 /* PBXTargetDependency */,
			);
			name = MxPlayer;
			productName = MxPlayer;
			productReference = 87CD42F8CACCA8EA3AE0BB18 /* MxPlayerD.app */;
			productType = "com.apple.product-type.application";
		};
/* End PBXNativeTarget section */

/* Begin PBXProject section */
		6DB9C3763D02B1415CD9D565 /* Project object */ = {
			isa = PBXProject;
			attributes = {
			};
			buildConfigurationList = DAC4C1AA5EDEA1C85E9CA5E6 /* Build configuration list for PBXProject "MxPlayer" */;
			compatibilityVersion = "Xcode 3.2";
			developmentRegion = en;
			hasScannedForEncodings = 1;
			knownRegions = (
				en,
			);
			mainGroup = E8C543AB96796ECAA2E65C57 /* MxPlayer */;
			productRefGroup = FE0A091FDBFB3E9C31B7A1BD /* Products */;
			projectDirPath = "";
			projectReferences = (
				{
					ProductGroup = 54464FD82151E9A600C41A3F /* Products */;
					ProjectRef = 54464FD72151E9A600C41A3F /* MxCodec.xcodeproj */;
				},
				{
					ProductGroup = 54464FDE2151E9B200C41A3F /* Products */;
					ProjectRef = 54464FDD2151E9B200C41A3F /* MxCore.xcodeproj */;
				},
				{
					ProductGroup = 54210171215DC5CF00507FEF /* Products */;
					ProjectRef = 54210170215DC5CF00507FEF /* MxDemuxer.xcodeproj */;
				},
				{
					ProductGroup = 544650952152326000C41A3F /* Products */;
					ProjectRef = 544650942152326000C41A3F /* MxFileAccess.xcodeproj */;
				},
				{
					ProductGroup = 5446515C2159D22200C41A3F /* Products */;
					ProjectRef = 5446515B2159D22200C41A3F /* MxSystem.xcodeproj */;
				},
			);
			projectRoot = "";
			targets = (
				51592C202B46188A935DE2E9 /* MxPlayer */,
				065C81C962DD59A47C963405 /* Qt Preprocess */,
			);
		};
/* End PBXProject section */

/* Begin PBXReferenceProxy section */
		54210175215DC5D000507FEF /* MxDemuxerD.dylib */ = {
			isa = PBXReferenceProxy;
			fileType = "compiled.mach-o.dylib";
			path = MxDemuxerD.dylib;
			remoteRef = 54210174215DC5D000507FEF /* PBXContainerItemProxy */;
			sourceTree = BUILT_PRODUCTS_DIR;
		};
		54464FDC2151E9A700C41A3F /* MxCodecD.dylib */ = {
			isa = PBXReferenceProxy;
			fileType = "compiled.mach-o.dylib";
			path = MxCodecD.dylib;
			remoteRef = 54464FDB2151E9A700C41A3F /* PBXContainerItemProxy */;
			sourceTree = BUILT_PRODUCTS_DIR;
		};
		54464FE22151E9B200C41A3F /* MxCoreD.dylib */ = {
			isa = PBXReferenceProxy;
			fileType = "compiled.mach-o.dylib";
			path = MxCoreD.dylib;
			remoteRef = 54464FE12151E9B200C41A3F /* PBXContainerItemProxy */;
			sourceTree = BUILT_PRODUCTS_DIR;
		};
		544650992152326000C41A3F /* MxFileAccessD.dylib */ = {
			isa = PBXReferenceProxy;
			fileType = "compiled.mach-o.dylib";
			path = MxFileAccessD.dylib;
			remoteRef = 544650982152326000C41A3F /* PBXContainerItemProxy */;
			sourceTree = BUILT_PRODUCTS_DIR;
		};
		544651632159D22300C41A3F /* MxSystemD.dylib */ = {
			isa = PBXReferenceProxy;
			fileType = "compiled.mach-o.dylib";
			path = MxSystemD.dylib;
			remoteRef = 544651622159D22300C41A3F /* PBXContainerItemProxy */;
			sourceTree = BUILT_PRODUCTS_DIR;
		};
/* End PBXReferenceProxy section */

/* Begin PBXResourcesBuildPhase section */
		30414803F31797EB689AE508 /* Copy Bundle Resources */ = {
			isa = PBXResourcesBuildPhase;
			buildActionMask = 2147483647;
			files = (
			);
			name = "Copy Bundle Resources";
			runOnlyForDeploymentPostprocessing = 0;
		};
/* End PBXResourcesBuildPhase section */

/* Begin PBXShellScriptBuildPhase section */
		54464FE32151EAFB00C41A3F /* ShellScript */ = {
			isa = PBXShellScriptBuildPhase;
			buildActionMask = 2147483647;
			files = (
			);
			inputPaths = (
			);
			outputPaths = (
			);
			runOnlyForDeploymentPostprocessing = 0;
			shellPath = /bin/sh;
			shellScript = "";
		};
		5E618435888B9D49F8540165 /* Qt Qmake */ = {
			isa = PBXShellScriptBuildPhase;
			buildActionMask = 2147483647;
			files = (
			);
			name = "Qt Qmake";
			runOnlyForDeploymentPostprocessing = 0;
			shellPath = /bin/sh;
			shellScript = "make -C /Users/ws/work/TestPlayer/MxPlayer/ -f MxPlayer.xcodeproj/qt_makeqmake.mak";
			showEnvVarsInLog = 0;
		};
		7EF0942E79C014DCEC8976BC /* Qt Preprocessors */ = {
			isa = PBXShellScriptBuildPhase;
			buildActionMask = 2147483647;
			files = (
			);
			name = "Qt Preprocessors";
			runOnlyForDeploymentPostprocessing = 0;
			shellPath = /bin/sh;
			shellScript = "make -C /Users/ws/work/TestPlayer/MxPlayer/ -f MxPlayer.xcodeproj/qt_preprocess.mak";
			showEnvVarsInLog = 0;
		};
/* End PBXShellScriptBuildPhase section */

/* Begin PBXSourcesBuildPhase section */
		F7E50F631C51CD5B5DC0BC43 /* Compile Sources */ = {
			isa = PBXSourcesBuildPhase;
			buildActionMask = 2147483647;
			files = (
				CBA03B06DA687D2722E48FF7 /* MainWidget.cpp in Compile Sources */,
				46277AFBBE64D3ED05B09536 /* stdafx.cpp in Compile Sources */,
				E8B75271FDF0EED99DB62565 /* moc_MainWidget.cpp in Compile Sources */,
				54464FE72151EBDB00C41A3F /* main.cpp in Compile Sources */,
				B07889C7F41764965C901BA2 /* dummy.cpp in Compile Sources */,
			);
			name = "Compile Sources";
			runOnlyForDeploymentPostprocessing = 0;
		};
/* End PBXSourcesBuildPhase section */

/* Begin PBXTargetDependency section */
		CDCDBC2463096EBEC43DDBD7 /* PBXTargetDependency */ = {
			isa = PBXTargetDependency;
			target = 065C81C962DD59A47C963405 /* Qt Preprocess */;
			targetProxy = 54464FD62151E98800C41A3F /* PBXContainerItemProxy */;
		};
/* End PBXTargetDependency section */

/* Begin XCBuildConfiguration section */
		339EE1B2CC4FC24589A0EA95 /* Release */ = {
			isa = XCBuildConfiguration;
			buildSettings = {
				APPLICATION_EXTENSION_API_ONLY = NO;
				ARCHS = x86_64;
				"ARCHS[sdk=macosx*]" = x86_64;
				CC = /Applications/Xcode9.0.app/Contents/Developer/Toolchains/XcodeDefault.xctoolchain/usr/bin/clang;
				CONFIGURATION_BUILD_DIR = "/Users/ws/work/TestPlayer/MxPlayer//$(CONFIGURATION)$(EFFECTIVE_PLATFORM_NAME)";
				COPY_PHASE_STRIP = NO;
				DYLIB_COMPATIBILITY_VERSION = 1.0;
				DYLIB_CURRENT_VERSION = 1.0.0;
				ENABLE_BITCODE = NO;
				FRAMEWORK_SEARCH_PATHS = (
					/usr/local/Cellar/qt/5.11.1/lib,
					/usr/local/Cellar/qt/5.11.1/lib,
				);
				GCC_VERSION = com.apple.compilers.llvm.clang.1_0;
				HEADER_SEARCH_PATHS = (
					.,
					.,
					/usr/local/Cellar/qt/5.11.1/lib/QtGui.framework/Headers,
					/usr/local/Cellar/qt/5.11.1/lib/QtCore.framework/Headers,
					.,
					/Applications/Xcode9.0.app/Contents/Developer/Platforms/MacOSX.platform/Developer/SDKs/MacOSX10.13.sdk/System/Library/Frameworks/OpenGL.framework/Headers,
					/Applications/Xcode9.0.app/Contents/Developer/Platforms/MacOSX.platform/Developer/SDKs/MacOSX10.13.sdk/System/Library/Frameworks/AGL.framework/Headers,
					"/usr/local/Cellar/qt/5.11.1/mkspecs/macx-clang",
				);
				INFOPLIST_FILE = Info.plist;
				LDPLUSPLUS = "/Applications/Xcode9.0.app/Contents/Developer/Toolchains/XcodeDefault.xctoolchain/usr/bin/clang++";
				LIBRARY_SEARCH_PATHS = (
					/usr/local/Cellar/qt/5.11.1/lib,
					/System/Library/Frameworks/,
				);
				MACOSX_DEPLOYMENT_TARGET = 10.11;
				OTHER_CFLAGS = (
					"-pipe",
					"-O2",
					"-Wall",
					"-W",
					"-fPIC",
					"-DQT_DEPRECATED_WARNINGS",
					"-DQT_NO_DEBUG",
					"-DQT_GUI_LIB",
					"-DQT_CORE_LIB",
				);
				OTHER_CPLUSPLUSFLAGS = (
					"-pipe",
					"-stdlib=libc++",
					"-O2",
					"-std=gnu++11",
					"-Wall",
					"-W",
					"-fPIC",
					"-DQT_DEPRECATED_WARNINGS",
					"-DQT_NO_DEBUG",
					"-DQT_GUI_LIB",
					"-DQT_CORE_LIB",
				);
				OTHER_LDFLAGS = (
					"-stdlib=libc++",
					"-headerpad_max_install_names",
					"-Wl,-rpath,@executable_path/Frameworks",
					"-F/usr/local/Cellar/qt/5.11.1/lib",
				);
				PRODUCT_BUNDLE_IDENTIFIER = "lixiaopeng.${PRODUCT_NAME:rfc1034identifier}";
				PRODUCT_NAME = MxPlayer;
				QMAKE_PKGINFO_TYPEINFO = "????";
				QT_LIBRARY_SUFFIX = "";
				SDKROOT = macosx;
				SYMROOT = "/Users/ws/work/TestPlayer/MxPlayer//.xcode";
			};
			name = Release;
		};
		3AA6C32AC930069E80220CF1 /* Debug */ = {
			isa = XCBuildConfiguration;
			buildSettings = {
				APPLICATION_EXTENSION_API_ONLY = NO;
				ARCHS = x86_64;
				"ARCHS[sdk=macosx*]" = x86_64;
				CC = /Applications/Xcode9.0.app/Contents/Developer/Toolchains/XcodeDefault.xctoolchain/usr/bin/clang;
				CONFIGURATION_BUILD_DIR = "/Users/ws/work/TestPlayer/MxPlayer//$(CONFIGURATION)$(EFFECTIVE_PLATFORM_NAME)";
				COPY_PHASE_STRIP = NO;
				DYLIB_COMPATIBILITY_VERSION = 1.0;
				DYLIB_CURRENT_VERSION = 1.0.0;
				ENABLE_BITCODE = NO;
				FRAMEWORK_SEARCH_PATHS = (
					/usr/local/Cellar/qt/5.11.1/lib,
					/usr/local/Cellar/qt/5.11.1/lib,
				);
				GCC_OPTIMIZATION_LEVEL = 0;
				GCC_VERSION = com.apple.compilers.llvm.clang.1_0;
				HEADER_SEARCH_PATHS = (
					.,
					.,
					/usr/local/Cellar/qt/5.11.1/lib/QtGui.framework/Headers,
					/usr/local/Cellar/qt/5.11.1/lib/QtCore.framework/Headers,
					.,
					/Applications/Xcode9.0.app/Contents/Developer/Platforms/MacOSX.platform/Developer/SDKs/MacOSX10.13.sdk/System/Library/Frameworks/OpenGL.framework/Headers,
					/Applications/Xcode9.0.app/Contents/Developer/Platforms/MacOSX.platform/Developer/SDKs/MacOSX10.13.sdk/System/Library/Frameworks/AGL.framework/Headers,
					"/usr/local/Cellar/qt/5.11.1/mkspecs/macx-clang",
				);
				INFOPLIST_FILE = Info.plist;
				LDPLUSPLUS = "/Applications/Xcode9.0.app/Contents/Developer/Toolchains/XcodeDefault.xctoolchain/usr/bin/clang++";
				LIBRARY_SEARCH_PATHS = (
					/usr/local/Cellar/qt/5.11.1/lib,
					/System/Library/Frameworks/,
				);
				MACOSX_DEPLOYMENT_TARGET = 10.11;
				ONLY_ACTIVE_ARCH = YES;
				OTHER_CFLAGS = (
					"-pipe",
					"-O2",
					"-Wall",
					"-W",
					"-fPIC",
					"-DQT_DEPRECATED_WARNINGS",
					"-DQT_NO_DEBUG",
					"-DQT_GUI_LIB",
					"-DQT_CORE_LIB",
				);
				OTHER_CPLUSPLUSFLAGS = (
					"-pipe",
					"-stdlib=libc++",
					"-O2",
					"-std=gnu++11",
					"-Wall",
					"-W",
					"-fPIC",
					"-DQT_DEPRECATED_WARNINGS",
					"-DQT_NO_DEBUG",
					"-DQT_GUI_LIB",
					"-DQT_CORE_LIB",
				);
				OTHER_LDFLAGS = (
					"-stdlib=libc++",
					"-headerpad_max_install_names",
					"-Wl,-rpath,@executable_path/Frameworks",
					"-F/usr/local/Cellar/qt/5.11.1/lib",
				);
				PRODUCT_BUNDLE_IDENTIFIER = "lixiaopeng.${PRODUCT_NAME:rfc1034identifier}";
				PRODUCT_NAME = MxPlayer;
				QMAKE_PKGINFO_TYPEINFO = "????";
				QT_LIBRARY_SUFFIX = "";
				SDKROOT = macosx;
				SYMROOT = "/Users/ws/work/TestPlayer/MxPlayer//.xcode";
			};
			name = Debug;
		};
		6666AA5E688052234F6758D8 /* Release */ = {
			isa = XCBuildConfiguration;
			buildSettings = {
				APPLICATION_EXTENSION_API_ONLY = NO;
				"ARCHS[sdk=macosx*]" = x86_64;
				CONFIGURATION_BUILD_DIR = "$SRCROOT/../../MxPlayer-build/bin";
				COPY_PHASE_STRIP = NO;
				ENABLE_BITCODE = NO;
				FRAMEWORK_SEARCH_PATHS = (
					"$(inherited)",
					/usr/local/Cellar/qt/5.11.1/Frameworks,
				);
				GCC_PRECOMPILE_PREFIX_HEADER = YES;
				GCC_PREFIX_HEADER = stdafx.h;
				HEADER_SEARCH_PATHS = (
					.,
					.,
					/usr/local/Cellar/qt/5.11.1/lib/QtGui.framework/Headers,
					/usr/local/Cellar/qt/5.11.1/lib/QtCore.framework/Headers,
					.,
					/Applications/Xcode9.0.app/Contents/Developer/Platforms/MacOSX.platform/Developer/SDKs/MacOSX10.13.sdk/System/Library/Frameworks/OpenGL.framework/Headers,
					/Applications/Xcode9.0.app/Contents/Developer/Platforms/MacOSX.platform/Developer/SDKs/MacOSX10.13.sdk/System/Library/Frameworks/AGL.framework/Headers,
					"/usr/local/Cellar/qt/5.11.1/mkspecs/macx-clang",
					../include,
				);
				LD_RUNPATH_SEARCH_PATHS = "@executable_path/../Frameworks";
				OBJROOT = "$SRCROOT/../../MxPlayer-build/$PROJECT_NAME/build";
				PRODUCT_BUNDLE_IDENTIFIER = "${PRODUCT_NAME:rfc1034identifier}";
				PRODUCT_NAME = MxPlayer;
				QMAKE_PKGINFO_TYPEINFO = "????";
				QT_LIBRARY_SUFFIX = "";
				SDKROOT = macosx;
				SYMROOT = "$SRCROOT/../../MxPlayer-build/bin";
			};
			name = Release;
		};
		77418F46922677BB04ED38DD /* Debug */ = {
			isa = XCBuildConfiguration;
			buildSettings = {
				APPLICATION_EXTENSION_API_ONLY = NO;
				"ARCHS[sdk=macosx*]" = x86_64;
				CONFIGURATION_BUILD_DIR = "$SRCROOT/../../MxPlayer-build/bin";
				COPY_PHASE_STRIP = NO;
				ENABLE_BITCODE = NO;
				FRAMEWORK_SEARCH_PATHS = (
					"$(inherited)",
					/usr/local/Cellar/qt/5.11.1/Frameworks,
				);
				GCC_OPTIMIZATION_LEVEL = 0;
				GCC_PRECOMPILE_PREFIX_HEADER = YES;
				GCC_PREFIX_HEADER = stdafx.h;
				HEADER_SEARCH_PATHS = (
					.,
					.,
					/usr/local/Cellar/qt/5.11.1/lib/QtGui.framework/Headers,
					/usr/local/Cellar/qt/5.11.1/lib/QtCore.framework/Headers,
					.,
					/Applications/Xcode9.0.app/Contents/Developer/Platforms/MacOSX.platform/Developer/SDKs/MacOSX10.13.sdk/System/Library/Frameworks/OpenGL.framework/Headers,
					/Applications/Xcode9.0.app/Contents/Developer/Platforms/MacOSX.platform/Developer/SDKs/MacOSX10.13.sdk/System/Library/Frameworks/AGL.framework/Headers,
					"/usr/local/Cellar/qt/5.11.1/mkspecs/macx-clang",
					../include,
				);
				LD_RUNPATH_SEARCH_PATHS = "@executable_path/../Frameworks";
				OBJROOT = "$SRCROOT/../../MxPlayer-build/$PROJECT_NAME/build";
				ONLY_ACTIVE_ARCH = YES;
				PRODUCT_BUNDLE_IDENTIFIER = "${PRODUCT_NAME:rfc1034identifier}";
				PRODUCT_NAME = MxPlayerD;
				QMAKE_PKGINFO_TYPEINFO = "????";
				QT_LIBRARY_SUFFIX = "";
				SDKROOT = macosx;
				SYMROOT = "$SRCROOT/../../MxPlayer-build/bin";
			};
			name = Debug;
		};
/* End XCBuildConfiguration section */

/* Begin XCConfigurationList section */
		6CC3B5D2136C7CD6A5CF5A59 /* Build configuration list for PBXNativeTarget "MxPlayer" */ = {
			isa = XCConfigurationList;
			buildConfigurations = (
				77418F46922677BB04ED38DD /* Debug */,
				6666AA5E688052234F6758D8 /* Release */,
			);
			defaultConfigurationIsVisible = 0;
			defaultConfigurationName = Release;
		};
		DAC4C1AA5EDEA1C85E9CA5E6 /* Build configuration list for PBXProject "MxPlayer" */ = {
			isa = XCConfigurationList;
			buildConfigurations = (
				3AA6C32AC930069E80220CF1 /* Debug */,
				339EE1B2CC4FC24589A0EA95 /* Release */,
			);
			defaultConfigurationIsVisible = 0;
			defaultConfigurationName = Release;
		};
/* End XCConfigurationList section */
	};
	rootObject = 6DB9C3763D02B1415CD9D565 /* Project object */;
}
