// !$*UTF8*$!
{
	archiveVersion = 1;
	classes = {
	};
	objectVersion = 48;
	objects = {

/* Begin PBXBuildFile section */
		5431D1DD214BA4B10083FAD1 /* MxInterrupt.cpp in Sources */ = {isa = PBXBuildFile; fileRef = 5431D1DB214BA4B10083FAD1 /* MxInterrupt.cpp */; };
		5431D1E5214C9D9E0083FAD1 /* MxFixups.cpp in Sources */ = {isa = PBXBuildFile; fileRef = 5431D1E3214C9D9E0083FAD1 /* MxFixups.cpp */; };
		5431D1EC214CAA670083FAD1 /* MxNetwork.cpp in Sources */ = {isa = PBXBuildFile; fileRef = 5431D1EA214CAA670083FAD1 /* MxNetwork.cpp */; };
		5431D205214CD7CA0083FAD1 /* MxCpu.cpp in Sources */ = {isa = PBXBuildFile; fileRef = 5431D204214CD7CA0083FAD1 /* MxCpu.cpp */; };
		54464FAE2151196B00C41A3F /* MxInputItem.h in Headers */ = {isa = PBXBuildFile; fileRef = 54464FAD2151196B00C41A3F /* MxInputItem.h */; };
		54464FB021511DC000C41A3F /* CMxObject.h in Headers */ = {isa = PBXBuildFile; fileRef = 54464FAF21511DC000C41A3F /* CMxObject.h */; };
		546DA9532146003300DF99E3 /* CoreFoundation.framework in Frameworks */ = {isa = PBXBuildFile; fileRef = 546DA9522146003200DF99E3 /* CoreFoundation.framework */; };
		54A0A5C5214F99F700B9A0C5 /* thread_darwin.cpp in Sources */ = {isa = PBXBuildFile; fileRef = 54A0A5C4214F99F700B9A0C5 /* thread_darwin.cpp */; };
		54AA19D5214F41D900D4C7FC /* MxCommon.h in Headers */ = {isa = PBXBuildFile; fileRef = 54AA19C3214F41D800D4C7FC /* MxCommon.h */; };
		54AA19D6214F41D900D4C7FC /* MxInterface.h in Headers */ = {isa = PBXBuildFile; fileRef = 54AA19C4214F41D800D4C7FC /* MxInterface.h */; };
		54AA19D7214F41D900D4C7FC /* MxError.h in Headers */ = {isa = PBXBuildFile; fileRef = 54AA19C5214F41D800D4C7FC /* MxError.h */; };
		54AA19D8214F41D900D4C7FC /* MxSystem.h in Headers */ = {isa = PBXBuildFile; fileRef = 54AA19C6214F41D800D4C7FC /* MxSystem.h */; };
		54AA19D9214F41D900D4C7FC /* MxConfig_mac.h in Headers */ = {isa = PBXBuildFile; fileRef = 54AA19C7214F41D800D4C7FC /* MxConfig_mac.h */; };
		54AA19DA214F41D900D4C7FC /* MxInterrupt.h in Headers */ = {isa = PBXBuildFile; fileRef = 54AA19C8214F41D800D4C7FC /* MxInterrupt.h */; };
		54AA19DB214F41D900D4C7FC /* MxFixups.h in Headers */ = {isa = PBXBuildFile; fileRef = 54AA19C9214F41D800D4C7FC /* MxFixups.h */; };
		54AA19DC214F41D900D4C7FC /* MxCharSet.h in Headers */ = {isa = PBXBuildFile; fileRef = 54AA19CA214F41D800D4C7FC /* MxCharSet.h */; };
		54AA19DD214F41D900D4C7FC /* MxCpu.h in Headers */ = {isa = PBXBuildFile; fileRef = 54AA19CB214F41D800D4C7FC /* MxCpu.h */; };
		54AA19DE214F41D900D4C7FC /* MxPointer.h in Headers */ = {isa = PBXBuildFile; fileRef = 54AA19CC214F41D800D4C7FC /* MxPointer.h */; };
		54AA19DF214F41D900D4C7FC /* MxAtomic.h in Headers */ = {isa = PBXBuildFile; fileRef = 54AA19CD214F41D800D4C7FC /* MxAtomic.h */; };
		54AA19E0214F41D900D4C7FC /* MxNetwork.h in Headers */ = {isa = PBXBuildFile; fileRef = 54AA19CE214F41D800D4C7FC /* MxNetwork.h */; };
		54AA19E1214F41D900D4C7FC /* MxConfig.h in Headers */ = {isa = PBXBuildFile; fileRef = 54AA19CF214F41D800D4C7FC /* MxConfig.h */; };
		54AA19E2214F41D900D4C7FC /* MxTypes.h in Headers */ = {isa = PBXBuildFile; fileRef = 54AA19D0214F41D800D4C7FC /* MxTypes.h */; };
		54AA19E3214F41D900D4C7FC /* CMxLog.h in Headers */ = {isa = PBXBuildFile; fileRef = 54AA19D1214F41D800D4C7FC /* CMxLog.h */; };
		54AA19E5214F41D900D4C7FC /* MxFileSystem.h in Headers */ = {isa = PBXBuildFile; fileRef = 54AA19D3214F41D900D4C7FC /* MxFileSystem.h */; };
		54AA19E6214F41D900D4C7FC /* MxThread.h in Headers */ = {isa = PBXBuildFile; fileRef = 54AA19D4214F41D900D4C7FC /* MxThread.h */; };
		54AA19EA214F45E300D4C7FC /* MxExport.h in Headers */ = {isa = PBXBuildFile; fileRef = 54AA19E9214F45E300D4C7FC /* MxExport.h */; };
		54AA19EF214F591A00D4C7FC /* charset.cpp in Sources */ = {isa = PBXBuildFile; fileRef = 54AA19EC214F591A00D4C7FC /* charset.cpp */; };
		54AA19F0214F591A00D4C7FC /* unicode.cpp in Sources */ = {isa = PBXBuildFile; fileRef = 54AA19ED214F591A00D4C7FC /* unicode.cpp */; };
		54AA19F1214F591A00D4C7FC /* libc.cpp in Sources */ = {isa = PBXBuildFile; fileRef = 54AA19EE214F591A00D4C7FC /* libc.cpp */; };
		54AA19F5214F77DA00D4C7FC /* filesystem.cpp in Sources */ = {isa = PBXBuildFile; fileRef = 54AA19F3214F77DA00D4C7FC /* filesystem.cpp */; };
		54AA19F6214F77DA00D4C7FC /* filesystem_posix.cpp in Sources */ = {isa = PBXBuildFile; fileRef = 54AA19F4214F77DA00D4C7FC /* filesystem_posix.cpp */; };
		54C3C5DC212A69A9009736A1 /* MxThread.cpp in Sources */ = {isa = PBXBuildFile; fileRef = 54C3C5D9212A69A9009736A1 /* MxThread.cpp */; };
		54C3C5E8212A6D90009736A1 /* stdafx.cpp in Sources */ = {isa = PBXBuildFile; fileRef = 54C3C5E6212A6D90009736A1 /* stdafx.cpp */; };
		54C3C5E9212A6D90009736A1 /* stdafx.h in Headers */ = {isa = PBXBuildFile; fileRef = 54C3C5E7212A6D90009736A1 /* stdafx.h */; };
		54D6AB3E2131079900B78108 /* CoreServices.framework in Frameworks */ = {isa = PBXBuildFile; fileRef = 54D6AB3D2131079900B78108 /* CoreServices.framework */; };
/* End PBXBuildFile section */

/* Begin PBXFileReference section */
		5431D1DB214BA4B10083FAD1 /* MxInterrupt.cpp */ = {isa = PBXFileReference; lastKnownFileType = sourcecode.cpp.cpp; path = MxInterrupt.cpp; sourceTree = "<group>"; };
		5431D1E3214C9D9E0083FAD1 /* MxFixups.cpp */ = {isa = PBXFileReference; lastKnownFileType = sourcecode.cpp.cpp; path = MxFixups.cpp; sourceTree = "<group>"; };
		5431D1EA214CAA670083FAD1 /* MxNetwork.cpp */ = {isa = PBXFileReference; lastKnownFileType = sourcecode.cpp.cpp; path = MxNetwork.cpp; sourceTree = "<group>"; };
		5431D204214CD7CA0083FAD1 /* MxCpu.cpp */ = {isa = PBXFileReference; lastKnownFileType = sourcecode.cpp.cpp; path = MxCpu.cpp; sourceTree = "<group>"; };
		54464FAD2151196B00C41A3F /* MxInputItem.h */ = {isa = PBXFileReference; fileEncoding = 4; lastKnownFileType = sourcecode.c.h; name = MxInputItem.h; path = ../include/MxInputItem.h; sourceTree = "<group>"; };
		54464FAF21511DC000C41A3F /* CMxObject.h */ = {isa = PBXFileReference; fileEncoding = 4; lastKnownFileType = sourcecode.c.h; name = CMxObject.h; path = ../include/CMxObject.h; sourceTree = "<group>"; };
		546DA9522146003200DF99E3 /* CoreFoundation.framework */ = {isa = PBXFileReference; lastKnownFileType = wrapper.framework; name = CoreFoundation.framework; path = System/Library/Frameworks/CoreFoundation.framework; sourceTree = SDKROOT; };
		54A0A5C4214F99F700B9A0C5 /* thread_darwin.cpp */ = {isa = PBXFileReference; fileEncoding = 4; lastKnownFileType = sourcecode.cpp.cpp; name = thread_darwin.cpp; path = MxThread/thread_darwin.cpp; sourceTree = "<group>"; };
		54AA19C3214F41D800D4C7FC /* MxCommon.h */ = {isa = PBXFileReference; fileEncoding = 4; lastKnownFileType = sourcecode.c.h; name = MxCommon.h; path = ../include/MxCommon.h; sourceTree = "<group>"; };
		54AA19C4214F41D800D4C7FC /* MxInterface.h */ = {isa = PBXFileReference; fileEncoding = 4; lastKnownFileType = sourcecode.c.h; name = MxInterface.h; path = ../include/MxInterface.h; sourceTree = "<group>"; };
		54AA19C5214F41D800D4C7FC /* MxError.h */ = {isa = PBXFileReference; fileEncoding = 4; lastKnownFileType = sourcecode.c.h; name = MxError.h; path = ../include/MxError.h; sourceTree = "<group>"; };
		54AA19C6214F41D800D4C7FC /* MxSystem.h */ = {isa = PBXFileReference; fileEncoding = 4; lastKnownFileType = sourcecode.c.h; name = MxSystem.h; path = ../include/MxSystem.h; sourceTree = "<group>"; };
		54AA19C7214F41D800D4C7FC /* MxConfig_mac.h */ = {isa = PBXFileReference; fileEncoding = 4; lastKnownFileType = sourcecode.c.h; name = MxConfig_mac.h; path = ../include/MxConfig_mac.h; sourceTree = "<group>"; };
		54AA19C8214F41D800D4C7FC /* MxInterrupt.h */ = {isa = PBXFileReference; fileEncoding = 4; lastKnownFileType = sourcecode.c.h; name = MxInterrupt.h; path = ../include/MxInterrupt.h; sourceTree = "<group>"; };
		54AA19C9214F41D800D4C7FC /* MxFixups.h */ = {isa = PBXFileReference; fileEncoding = 4; lastKnownFileType = sourcecode.c.h; name = MxFixups.h; path = ../include/MxFixups.h; sourceTree = "<group>"; };
		54AA19CA214F41D800D4C7FC /* MxCharSet.h */ = {isa = PBXFileReference; fileEncoding = 4; lastKnownFileType = sourcecode.c.h; name = MxCharSet.h; path = ../include/MxCharSet.h; sourceTree = "<group>"; };
		54AA19CB214F41D800D4C7FC /* MxCpu.h */ = {isa = PBXFileReference; fileEncoding = 4; lastKnownFileType = sourcecode.c.h; name = MxCpu.h; path = ../include/MxCpu.h; sourceTree = "<group>"; };
		54AA19CC214F41D800D4C7FC /* MxPointer.h */ = {isa = PBXFileReference; fileEncoding = 4; lastKnownFileType = sourcecode.c.h; name = MxPointer.h; path = ../include/MxPointer.h; sourceTree = "<group>"; };
		54AA19CD214F41D800D4C7FC /* MxAtomic.h */ = {isa = PBXFileReference; fileEncoding = 4; lastKnownFileType = sourcecode.c.h; name = MxAtomic.h; path = ../include/MxAtomic.h; sourceTree = "<group>"; };
		54AA19CE214F41D800D4C7FC /* MxNetwork.h */ = {isa = PBXFileReference; fileEncoding = 4; lastKnownFileType = sourcecode.c.h; name = MxNetwork.h; path = ../include/MxNetwork.h; sourceTree = "<group>"; };
		54AA19CF214F41D800D4C7FC /* MxConfig.h */ = {isa = PBXFileReference; fileEncoding = 4; lastKnownFileType = sourcecode.c.h; name = MxConfig.h; path = ../include/MxConfig.h; sourceTree = "<group>"; };
		54AA19D0214F41D800D4C7FC /* MxTypes.h */ = {isa = PBXFileReference; fileEncoding = 4; lastKnownFileType = sourcecode.c.h; name = MxTypes.h; path = ../include/MxTypes.h; sourceTree = "<group>"; };
		54AA19D1214F41D800D4C7FC /* CMxLog.h */ = {isa = PBXFileReference; fileEncoding = 4; lastKnownFileType = sourcecode.c.h; name = CMxLog.h; path = ../include/CMxLog.h; sourceTree = "<group>"; };
		54AA19D3214F41D900D4C7FC /* MxFileSystem.h */ = {isa = PBXFileReference; fileEncoding = 4; lastKnownFileType = sourcecode.c.h; name = MxFileSystem.h; path = ../include/MxFileSystem.h; sourceTree = "<group>"; };
		54AA19D4214F41D900D4C7FC /* MxThread.h */ = {isa = PBXFileReference; fileEncoding = 4; lastKnownFileType = sourcecode.c.h; name = MxThread.h; path = ../include/MxThread.h; sourceTree = "<group>"; };
		54AA19E9214F45E300D4C7FC /* MxExport.h */ = {isa = PBXFileReference; fileEncoding = 4; lastKnownFileType = sourcecode.c.h; name = MxExport.h; path = ../include/MxExport.h; sourceTree = "<group>"; };
		54AA19EC214F591A00D4C7FC /* charset.cpp */ = {isa = PBXFileReference; fileEncoding = 4; lastKnownFileType = sourcecode.cpp.cpp; name = charset.cpp; path = MxCharSet/charset.cpp; sourceTree = "<group>"; };
		54AA19ED214F591A00D4C7FC /* unicode.cpp */ = {isa = PBXFileReference; fileEncoding = 4; lastKnownFileType = sourcecode.cpp.cpp; name = unicode.cpp; path = MxCharSet/unicode.cpp; sourceTree = "<group>"; };
		54AA19EE214F591A00D4C7FC /* libc.cpp */ = {isa = PBXFileReference; fileEncoding = 4; lastKnownFileType = sourcecode.cpp.cpp; name = libc.cpp; path = MxCharSet/libc.cpp; sourceTree = "<group>"; };
		54AA19F3214F77DA00D4C7FC /* filesystem.cpp */ = {isa = PBXFileReference; fileEncoding = 4; lastKnownFileType = sourcecode.cpp.cpp; name = filesystem.cpp; path = MxFileSystem/filesystem.cpp; sourceTree = "<group>"; };
		54AA19F4214F77DA00D4C7FC /* filesystem_posix.cpp */ = {isa = PBXFileReference; fileEncoding = 4; lastKnownFileType = sourcecode.cpp.cpp; name = filesystem_posix.cpp; path = MxFileSystem/filesystem_posix.cpp; sourceTree = "<group>"; };
		54C3C5A1212A5C62009736A1 /* MxCoreD.dylib */ = {isa = PBXFileReference; explicitFileType = "compiled.mach-o.dylib"; includeInIndex = 0; path = MxCoreD.dylib; sourceTree = BUILT_PRODUCTS_DIR; };
		54C3C5D9212A69A9009736A1 /* MxThread.cpp */ = {isa = PBXFileReference; fileEncoding = 4; lastKnownFileType = sourcecode.cpp.cpp; path = MxThread.cpp; sourceTree = SOURCE_ROOT; };
		54C3C5E6212A6D90009736A1 /* stdafx.cpp */ = {isa = PBXFileReference; fileEncoding = 4; lastKnownFileType = sourcecode.cpp.cpp; path = stdafx.cpp; sourceTree = "<group>"; };
		54C3C5E7212A6D90009736A1 /* stdafx.h */ = {isa = PBXFileReference; fileEncoding = 4; lastKnownFileType = sourcecode.c.h; path = stdafx.h; sourceTree = "<group>"; };
		54D6AB3D2131079900B78108 /* CoreServices.framework */ = {isa = PBXFileReference; lastKnownFileType = wrapper.framework; name = CoreServices.framework; path = System/Library/Frameworks/CoreServices.framework; sourceTree = SDKROOT; };
/* End PBXFileReference section */

/* Begin PBXFrameworksBuildPhase section */
		54C3C59E212A5C62009736A1 /* Frameworks */ = {
			isa = PBXFrameworksBuildPhase;
			buildActionMask = 2147483647;
			files = (
				546DA9532146003300DF99E3 /* CoreFoundation.framework in Frameworks */,
				54D6AB3E2131079900B78108 /* CoreServices.framework in Frameworks */,
			);
			runOnlyForDeploymentPostprocessing = 0;
		};
/* End PBXFrameworksBuildPhase section */

/* Begin PBXGroup section */
		54A0A5C3214F99E400B9A0C5 /* MxThread */ = {
			isa = PBXGroup;
			children = (
				54A0A5C4214F99F700B9A0C5 /* thread_darwin.cpp */,
			);
			name = MxThread;
			sourceTree = "<group>";
		};
		54A0A5C6214FACE600B9A0C5 /* MxNetwork */ = {
			isa = PBXGroup;
			children = (
			);
			name = MxNetwork;
			sourceTree = "<group>";
		};
		54AA19C0214F3DA400D4C7FC /* header */ = {
			isa = PBXGroup;
			children = (
				54C3C5E7212A6D90009736A1 /* stdafx.h */,
			);
			name = header;
			sourceTree = "<group>";
		};
		54AA19C1214F3DB900D4C7FC /* include */ = {
			isa = PBXGroup;
			children = (
				54464FAF21511DC000C41A3F /* CMxObject.h */,
				54464FAD2151196B00C41A3F /* MxInputItem.h */,
				54AA19E9214F45E300D4C7FC /* MxExport.h */,
				54AA19D1214F41D800D4C7FC /* CMxLog.h */,
				54AA19CD214F41D800D4C7FC /* MxAtomic.h */,
				54AA19CA214F41D800D4C7FC /* MxCharSet.h */,
				54AA19C3214F41D800D4C7FC /* MxCommon.h */,
				54AA19C7214F41D800D4C7FC /* MxConfig_mac.h */,
				54AA19CF214F41D800D4C7FC /* MxConfig.h */,
				54AA19CB214F41D800D4C7FC /* MxCpu.h */,
				54AA19C5214F41D800D4C7FC /* MxError.h */,
				54AA19D3214F41D900D4C7FC /* MxFileSystem.h */,
				54AA19C9214F41D800D4C7FC /* MxFixups.h */,
				54AA19C4214F41D800D4C7FC /* MxInterface.h */,
				54AA19C8214F41D800D4C7FC /* MxInterrupt.h */,
				54AA19CE214F41D800D4C7FC /* MxNetwork.h */,
				54AA19CC214F41D800D4C7FC /* MxPointer.h */,
				54AA19C6214F41D800D4C7FC /* MxSystem.h */,
				54AA19D4214F41D900D4C7FC /* MxThread.h */,
				54AA19D0214F41D800D4C7FC /* MxTypes.h */,
			);
			name = include;
			sourceTree = "<group>";
		};
		54AA19C2214F3DBF00D4C7FC /* sources */ = {
			isa = PBXGroup;
			children = (
				54A0A5C6214FACE600B9A0C5 /* MxNetwork */,
				54A0A5C3214F99E400B9A0C5 /* MxThread */,
				54AA19F2214F77BD00D4C7FC /* MxFileSystem */,
				54AA19EB214F56A100D4C7FC /* MxCharSet */,
				5431D204214CD7CA0083FAD1 /* MxCpu.cpp */,
				5431D1EA214CAA670083FAD1 /* MxNetwork.cpp */,
				5431D1E3214C9D9E0083FAD1 /* MxFixups.cpp */,
				54C3C5D9212A69A9009736A1 /* MxThread.cpp */,
				5431D1DB214BA4B10083FAD1 /* MxInterrupt.cpp */,
				54C3C5E6212A6D90009736A1 /* stdafx.cpp */,
			);
			name = sources;
			sourceTree = "<group>";
		};
		54AA19EB214F56A100D4C7FC /* MxCharSet */ = {
			isa = PBXGroup;
			children = (
				54AA19EC214F591A00D4C7FC /* charset.cpp */,
				54AA19EE214F591A00D4C7FC /* libc.cpp */,
				54AA19ED214F591A00D4C7FC /* unicode.cpp */,
			);
			name = MxCharSet;
			sourceTree = "<group>";
		};
		54AA19F2214F77BD00D4C7FC /* MxFileSystem */ = {
			isa = PBXGroup;
			children = (
				54AA19F4214F77DA00D4C7FC /* filesystem_posix.cpp */,
				54AA19F3214F77DA00D4C7FC /* filesystem.cpp */,
			);
			name = MxFileSystem;
			sourceTree = "<group>";
		};
		54C3C598212A5C62009736A1 = {
			isa = PBXGroup;
			children = (
				54AA19C1214F3DB900D4C7FC /* include */,
				54AA19C0214F3DA400D4C7FC /* header */,
				54AA19C2214F3DBF00D4C7FC /* sources */,
				54C3C5A2212A5C62009736A1 /* Products */,
				54D6AB3A213106DB00B78108 /* Frameworks */,
			);
			sourceTree = "<group>";
		};
		54C3C5A2212A5C62009736A1 /* Products */ = {
			isa = PBXGroup;
			children = (
				54C3C5A1212A5C62009736A1 /* MxCoreD.dylib */,
			);
			name = Products;
			sourceTree = "<group>";
		};
		54D6AB3A213106DB00B78108 /* Frameworks */ = {
			isa = PBXGroup;
			children = (
				546DA9522146003200DF99E3 /* CoreFoundation.framework */,
				54D6AB3D2131079900B78108 /* CoreServices.framework */,
			);
			name = Frameworks;
			sourceTree = "<group>";
		};
/* End PBXGroup section */

/* Begin PBXHeadersBuildPhase section */
		54C3C59F212A5C62009736A1 /* Headers */ = {
			isa = PBXHeadersBuildPhase;
			buildActionMask = 2147483647;
			files = (
				54AA19DD214F41D900D4C7FC /* MxCpu.h in Headers */,
				54AA19DE214F41D900D4C7FC /* MxPointer.h in Headers */,
				54AA19E6214F41D900D4C7FC /* MxThread.h in Headers */,
				54AA19DF214F41D900D4C7FC /* MxAtomic.h in Headers */,
				54AA19EA214F45E300D4C7FC /* MxExport.h in Headers */,
				54AA19E0214F41D900D4C7FC /* MxNetwork.h in Headers */,
				54AA19DA214F41D900D4C7FC /* MxInterrupt.h in Headers */,
				54AA19D8214F41D900D4C7FC /* MxSystem.h in Headers */,
				54AA19E2214F41D900D4C7FC /* MxTypes.h in Headers */,
				54AA19D9214F41D900D4C7FC /* MxConfig_mac.h in Headers */,
				54AA19E3214F41D900D4C7FC /* CMxLog.h in Headers */,
				54AA19E1214F41D900D4C7FC /* MxConfig.h in Headers */,
				54AA19D5214F41D900D4C7FC /* MxCommon.h in Headers */,
				54AA19E5214F41D900D4C7FC /* MxFileSystem.h in Headers */,
				54AA19DB214F41D900D4C7FC /* MxFixups.h in Headers */,
				54464FAE2151196B00C41A3F /* MxInputItem.h in Headers */,
				54AA19DC214F41D900D4C7FC /* MxCharSet.h in Headers */,
				54464FB021511DC000C41A3F /* CMxObject.h in Headers */,
				54AA19D6214F41D900D4C7FC /* MxInterface.h in Headers */,
				54AA19D7214F41D900D4C7FC /* MxError.h in Headers */,
				54C3C5E9212A6D90009736A1 /* stdafx.h in Headers */,
			);
			runOnlyForDeploymentPostprocessing = 0;
		};
/* End PBXHeadersBuildPhase section */

/* Begin PBXNativeTarget section */
		54C3C5A0212A5C62009736A1 /* MxCore */ = {
			isa = PBXNativeTarget;
			buildConfigurationList = 54C3C5AC212A5C62009736A1 /* Build configuration list for PBXNativeTarget "MxCore" */;
			buildPhases = (
				54C3C59D212A5C62009736A1 /* Sources */,
				54C3C59E212A5C62009736A1 /* Frameworks */,
				54C3C59F212A5C62009736A1 /* Headers */,
			);
			buildRules = (
			);
			dependencies = (
			);
			name = MxCore;
			productName = MxCore;
			productReference = 54C3C5A1212A5C62009736A1 /* MxCoreD.dylib */;
			productType = "com.apple.product-type.library.dynamic";
		};
/* End PBXNativeTarget section */

/* Begin PBXProject section */
		54C3C599212A5C62009736A1 /* Project object */ = {
			isa = PBXProject;
			attributes = {
				LastUpgradeCheck = 0900;
				ORGANIZATIONNAME = lixiaopeng;
				TargetAttributes = {
					54C3C5A0212A5C62009736A1 = {
						CreatedOnToolsVersion = 9.0;
						ProvisioningStyle = Automatic;
					};
				};
			};
			buildConfigurationList = 54C3C59C212A5C62009736A1 /* Build configuration list for PBXProject "MxCore" */;
			compatibilityVersion = "Xcode 8.0";
			developmentRegion = en;
			hasScannedForEncodings = 0;
			knownRegions = (
				en,
			);
			mainGroup = 54C3C598212A5C62009736A1;
			productRefGroup = 54C3C5A2212A5C62009736A1 /* Products */;
			projectDirPath = "";
			projectRoot = "";
			targets = (
				54C3C5A0212A5C62009736A1 /* MxCore */,
			);
		};
/* End PBXProject section */

/* Begin PBXSourcesBuildPhase section */
		54C3C59D212A5C62009736A1 /* Sources */ = {
			isa = PBXSourcesBuildPhase;
			buildActionMask = 2147483647;
			files = (
				5431D1EC214CAA670083FAD1 /* MxNetwork.cpp in Sources */,
				5431D1DD214BA4B10083FAD1 /* MxInterrupt.cpp in Sources */,
				54AA19EF214F591A00D4C7FC /* charset.cpp in Sources */,
				54C3C5DC212A69A9009736A1 /* MxThread.cpp in Sources */,
				54AA19F0214F591A00D4C7FC /* unicode.cpp in Sources */,
				54AA19F5214F77DA00D4C7FC /* filesystem.cpp in Sources */,
				54A0A5C5214F99F700B9A0C5 /* thread_darwin.cpp in Sources */,
				5431D1E5214C9D9E0083FAD1 /* MxFixups.cpp in Sources */,
				54AA19F1214F591A00D4C7FC /* libc.cpp in Sources */,
				54C3C5E8212A6D90009736A1 /* stdafx.cpp in Sources */,
				54AA19F6214F77DA00D4C7FC /* filesystem_posix.cpp in Sources */,
				5431D205214CD7CA0083FAD1 /* MxCpu.cpp in Sources */,
			);
			runOnlyForDeploymentPostprocessing = 0;
		};
/* End PBXSourcesBuildPhase section */

/* Begin XCBuildConfiguration section */
		54C3C5AA212A5C62009736A1 /* Debug */ = {
			isa = XCBuildConfiguration;
			buildSettings = {
				ALWAYS_SEARCH_USER_PATHS = NO;
				CLANG_ANALYZER_NONNULL = YES;
				CLANG_ANALYZER_NUMBER_OBJECT_CONVERSION = YES_AGGRESSIVE;
				CLANG_CXX_LANGUAGE_STANDARD = "gnu++14";
				CLANG_CXX_LIBRARY = "libc++";
				CLANG_ENABLE_MODULES = YES;
				CLANG_ENABLE_OBJC_ARC = YES;
				CLANG_WARN_BLOCK_CAPTURE_AUTORELEASING = YES;
				CLANG_WARN_BOOL_CONVERSION = YES;
				CLANG_WARN_COMMA = YES;
				CLANG_WARN_CONSTANT_CONVERSION = YES;
				CLANG_WARN_DIRECT_OBJC_ISA_USAGE = YES_ERROR;
				CLANG_WARN_DOCUMENTATION_COMMENTS = YES;
				CLANG_WARN_EMPTY_BODY = YES;
				CLANG_WARN_ENUM_CONVERSION = YES;
				CLANG_WARN_INFINITE_RECURSION = YES;
				CLANG_WARN_INT_CONVERSION = YES;
				CLANG_WARN_NON_LITERAL_NULL_CONVERSION = YES;
				CLANG_WARN_OBJC_LITERAL_CONVERSION = YES;
				CLANG_WARN_OBJC_ROOT_CLASS = YES_ERROR;
				CLANG_WARN_RANGE_LOOP_ANALYSIS = YES;
				CLANG_WARN_STRICT_PROTOTYPES = YES;
				CLANG_WARN_SUSPICIOUS_MOVE = YES;
				CLANG_WARN_UNGUARDED_AVAILABILITY = YES_AGGRESSIVE;
				CLANG_WARN_UNREACHABLE_CODE = YES;
				CLANG_WARN__DUPLICATE_METHOD_MATCH = YES;
				CODE_SIGN_IDENTITY = "-";
				COPY_PHASE_STRIP = NO;
				DEBUG_INFORMATION_FORMAT = dwarf;
				ENABLE_STRICT_OBJC_MSGSEND = YES;
				ENABLE_TESTABILITY = YES;
				GCC_C_LANGUAGE_STANDARD = gnu11;
				GCC_DYNAMIC_NO_PIC = NO;
				GCC_NO_COMMON_BLOCKS = YES;
				GCC_OPTIMIZATION_LEVEL = 0;
				GCC_PREPROCESSOR_DEFINITIONS = (
					"DEBUG=1",
					"$(inherited)",
				);
				GCC_WARN_64_TO_32_BIT_CONVERSION = YES;
				GCC_WARN_ABOUT_RETURN_TYPE = YES_ERROR;
				GCC_WARN_UNDECLARED_SELECTOR = YES;
				GCC_WARN_UNINITIALIZED_AUTOS = YES_AGGRESSIVE;
				GCC_WARN_UNUSED_FUNCTION = YES;
				GCC_WARN_UNUSED_VARIABLE = YES;
				MACOSX_DEPLOYMENT_TARGET = 10.12;
				MTL_ENABLE_DEBUG_INFO = YES;
				ONLY_ACTIVE_ARCH = YES;
				SDKROOT = macosx;
			};
			name = Debug;
		};
		54C3C5AB212A5C62009736A1 /* Release */ = {
			isa = XCBuildConfiguration;
			buildSettings = {
				ALWAYS_SEARCH_USER_PATHS = NO;
				CLANG_ANALYZER_NONNULL = YES;
				CLANG_ANALYZER_NUMBER_OBJECT_CONVERSION = YES_AGGRESSIVE;
				CLANG_CXX_LANGUAGE_STANDARD = "gnu++14";
				CLANG_CXX_LIBRARY = "libc++";
				CLANG_ENABLE_MODULES = YES;
				CLANG_ENABLE_OBJC_ARC = YES;
				CLANG_WARN_BLOCK_CAPTURE_AUTORELEASING = YES;
				CLANG_WARN_BOOL_CONVERSION = YES;
				CLANG_WARN_COMMA = YES;
				CLANG_WARN_CONSTANT_CONVERSION = YES;
				CLANG_WARN_DIRECT_OBJC_ISA_USAGE = YES_ERROR;
				CLANG_WARN_DOCUMENTATION_COMMENTS = YES;
				CLANG_WARN_EMPTY_BODY = YES;
				CLANG_WARN_ENUM_CONVERSION = YES;
				CLANG_WARN_INFINITE_RECURSION = YES;
				CLANG_WARN_INT_CONVERSION = YES;
				CLANG_WARN_NON_LITERAL_NULL_CONVERSION = YES;
				CLANG_WARN_OBJC_LITERAL_CONVERSION = YES;
				CLANG_WARN_OBJC_ROOT_CLASS = YES_ERROR;
				CLANG_WARN_RANGE_LOOP_ANALYSIS = YES;
				CLANG_WARN_STRICT_PROTOTYPES = YES;
				CLANG_WARN_SUSPICIOUS_MOVE = YES;
				CLANG_WARN_UNGUARDED_AVAILABILITY = YES_AGGRESSIVE;
				CLANG_WARN_UNREACHABLE_CODE = YES;
				CLANG_WARN__DUPLICATE_METHOD_MATCH = YES;
				CODE_SIGN_IDENTITY = "-";
				COPY_PHASE_STRIP = NO;
				DEBUG_INFORMATION_FORMAT = "dwarf-with-dsym";
				ENABLE_NS_ASSERTIONS = NO;
				ENABLE_STRICT_OBJC_MSGSEND = YES;
				GCC_C_LANGUAGE_STANDARD = gnu11;
				GCC_NO_COMMON_BLOCKS = YES;
				GCC_WARN_64_TO_32_BIT_CONVERSION = YES;
				GCC_WARN_ABOUT_RETURN_TYPE = YES_ERROR;
				GCC_WARN_UNDECLARED_SELECTOR = YES;
				GCC_WARN_UNINITIALIZED_AUTOS = YES_AGGRESSIVE;
				GCC_WARN_UNUSED_FUNCTION = YES;
				GCC_WARN_UNUSED_VARIABLE = YES;
				MACOSX_DEPLOYMENT_TARGET = 10.12;
				MTL_ENABLE_DEBUG_INFO = NO;
				SDKROOT = macosx;
			};
			name = Release;
		};
		54C3C5AD212A5C62009736A1 /* Debug */ = {
			isa = XCBuildConfiguration;
			buildSettings = {
				CODE_SIGN_STYLE = Automatic;
				CONFIGURATION_BUILD_DIR = "$SRCROOT/../../MxPlayer-build/bin";
				DYLIB_COMPATIBILITY_VERSION = 1;
				DYLIB_CURRENT_VERSION = 1;
				EXECUTABLE_PREFIX = "";
				GCC_ENABLE_CPP_EXCEPTIONS = YES;
				GCC_ENABLE_CPP_RTTI = YES;
				GCC_PRECOMPILE_PREFIX_HEADER = YES;
				GCC_PREFIX_HEADER = stdafx.h;
				GCC_SYMBOLS_PRIVATE_EXTERN = YES;
				HEADER_SEARCH_PATHS = ../include;
				INSTALL_PATH = "@rpath";
				OBJROOT = "$SRCROOT/../../MxPlayer-build/$PROJECT_NAME/build";
				PRODUCT_NAME = "$(TARGET_NAME)D";
				SYMROOT = "$SRCROOT/../../MxPlayer-build/bin/$CONFIGURATION";
			};
			name = Debug;
		};
		54C3C5AE212A5C62009736A1 /* Release */ = {
			isa = XCBuildConfiguration;
			buildSettings = {
				CODE_SIGN_STYLE = Automatic;
				CONFIGURATION_BUILD_DIR = "$SRCROOT/../../MxPlayer-build/bin";
				DYLIB_COMPATIBILITY_VERSION = 1;
				DYLIB_CURRENT_VERSION = 1;
				EXECUTABLE_PREFIX = "";
				GCC_ENABLE_CPP_EXCEPTIONS = YES;
				GCC_ENABLE_CPP_RTTI = YES;
				GCC_PRECOMPILE_PREFIX_HEADER = YES;
				GCC_PREFIX_HEADER = stdafx.h;
				GCC_SYMBOLS_PRIVATE_EXTERN = YES;
				HEADER_SEARCH_PATHS = ../include;
				INSTALL_PATH = "@rpath";
				OBJROOT = "$SRCROOT/../../MxPlayer-build/$PROJECT_NAME/build";
				PRODUCT_NAME = "$(TARGET_NAME)";
				SYMROOT = "$SRCROOT/../../MxPlayer-build/bin/$CONFIGURATION";
			};
			name = Release;
		};
/* End XCBuildConfiguration section */

/* Begin XCConfigurationList section */
		54C3C59C212A5C62009736A1 /* Build configuration list for PBXProject "MxCore" */ = {
			isa = XCConfigurationList;
			buildConfigurations = (
				54C3C5AA212A5C62009736A1 /* Debug */,
				54C3C5AB212A5C62009736A1 /* Release */,
			);
			defaultConfigurationIsVisible = 0;
			defaultConfigurationName = Release;
		};
		54C3C5AC212A5C62009736A1 /* Build configuration list for PBXNativeTarget "MxCore" */ = {
			isa = XCConfigurationList;
			buildConfigurations = (
				54C3C5AD212A5C62009736A1 /* Debug */,
				54C3C5AE212A5C62009736A1 /* Release */,
			);
			defaultConfigurationIsVisible = 0;
			defaultConfigurationName = Release;
		};
/* End XCConfigurationList section */
	};
	rootObject = 54C3C599212A5C62009736A1 /* Project object */;
}
